// !$*UTF8*$!
{
	archiveVersion = 1;
	classes = {
	};
	objectVersion = 46;
	objects = {

/* Begin PBXBuildFile section */
		A86A4E681661F54E00513FA8 /* greenBox.png in Resources */ = {isa = PBXBuildFile; fileRef = A86A4E671661F54E00513FA8 /* greenBox.png */; };
		A86A95031661BE7800D5B20A /* alarmSetLine.png in Resources */ = {isa = PBXBuildFile; fileRef = A86A95011661BE7800D5B20A /* alarmSetLine.png */; };
		A86A95041661BE7800D5B20A /* alarmSetLine@2x.png in Resources */ = {isa = PBXBuildFile; fileRef = A86A95021661BE7800D5B20A /* alarmSetLine@2x.png */; };
		A86A95071661CA4600D5B20A /* nav.png in Resources */ = {isa = PBXBuildFile; fileRef = A86A95061661CA4600D5B20A /* nav.png */; };
		A86A953D1661D30700D5B20A /* Book.m in Sources */ = {isa = PBXBuildFile; fileRef = A86A953A1661D30700D5B20A /* Book.m */; };
		A86A953E1661D30700D5B20A /* BookManage.m in Sources */ = {isa = PBXBuildFile; fileRef = A86A953C1661D30700D5B20A /* BookManage.m */; };
		A86B164F1660E94800B86A3D /* LIBTIMEViewController.m in Sources */ = {isa = PBXBuildFile; fileRef = A86B164E1660E94800B86A3D /* LIBTIMEViewController.m */; };
		A86B166C1660EF8100B86A3D /* accountSet.png in Resources */ = {isa = PBXBuildFile; fileRef = A86B16611660EF8100B86A3D /* accountSet.png */; };
		A86B166D1660EF8100B86A3D /* accountSet@2x.png in Resources */ = {isa = PBXBuildFile; fileRef = A86B16621660EF8100B86A3D /* accountSet@2x.png */; };
		A86B166E1660EF8100B86A3D /* alarm.png in Resources */ = {isa = PBXBuildFile; fileRef = A86B16631660EF8100B86A3D /* alarm.png */; };
		A86B166F1660EF8100B86A3D /* alarm@2x.png in Resources */ = {isa = PBXBuildFile; fileRef = A86B16641660EF8100B86A3D /* alarm@2x.png */; };
		A86B16701660EF8100B86A3D /* code.png in Resources */ = {isa = PBXBuildFile; fileRef = A86B16651660EF8100B86A3D /* code.png */; };
		A86B16711660EF8100B86A3D /* code@2x.png in Resources */ = {isa = PBXBuildFile; fileRef = A86B16661660EF8100B86A3D /* code@2x.png */; };
		A86B16721660EF8100B86A3D /* email.png in Resources */ = {isa = PBXBuildFile; fileRef = A86B16671660EF8100B86A3D /* email.png */; };
		A86B16731660EF8100B86A3D /* email@2x.png in Resources */ = {isa = PBXBuildFile; fileRef = A86B16681660EF8100B86A3D /* email@2x.png */; };
		A86B16741660EF8100B86A3D /* phonenum.png in Resources */ = {isa = PBXBuildFile; fileRef = A86B16691660EF8100B86A3D /* phonenum.png */; };
		A86B16751660EF8100B86A3D /* phonenum@2x.png in Resources */ = {isa = PBXBuildFile; fileRef = A86B166A1660EF8100B86A3D /* phonenum@2x.png */; };
		A86B16761660EF8100B86A3D /* Thumbs.db in Resources */ = {isa = PBXBuildFile; fileRef = A86B166B1660EF8100B86A3D /* Thumbs.db */; };
		A86B167A1660F16400B86A3D /* darkbg.png in Resources */ = {isa = PBXBuildFile; fileRef = A86B16781660F16400B86A3D /* darkbg.png */; };
		A86B167B1660F16500B86A3D /* lightbg.png in Resources */ = {isa = PBXBuildFile; fileRef = A86B16791660F16400B86A3D /* lightbg.png */; };
		A871699416578EC800782778 /* LIBSetPSWViewController.m in Sources */ = {isa = PBXBuildFile; fileRef = A871699316578EC800782778 /* LIBSetPSWViewController.m */; };
		A884FC6B164F584D0035E296 /* ASIAuthenticationDialog.m in Sources */ = {isa = PBXBuildFile; fileRef = A884FC4C164F584D0035E296 /* ASIAuthenticationDialog.m */; settings = {COMPILER_FLAGS = "-fno-objc-arc"; }; };
		A884FC6C164F584D0035E296 /* ASIDataCompressor.m in Sources */ = {isa = PBXBuildFile; fileRef = A884FC4F164F584D0035E296 /* ASIDataCompressor.m */; settings = {COMPILER_FLAGS = "-fno-objc-arc"; }; };
		A884FC6D164F584D0035E296 /* ASIDataDecompressor.m in Sources */ = {isa = PBXBuildFile; fileRef = A884FC51164F584D0035E296 /* ASIDataDecompressor.m */; settings = {COMPILER_FLAGS = "-fno-objc-arc"; }; };
		A884FC6E164F584D0035E296 /* ASIDownloadCache.m in Sources */ = {isa = PBXBuildFile; fileRef = A884FC53164F584D0035E296 /* ASIDownloadCache.m */; settings = {COMPILER_FLAGS = "-fno-objc-arc"; }; };
		A884FC6F164F584D0035E296 /* ASIFormDataRequest.m in Sources */ = {isa = PBXBuildFile; fileRef = A884FC55164F584D0035E296 /* ASIFormDataRequest.m */; settings = {COMPILER_FLAGS = "-fno-objc-arc"; }; };
		A884FC70164F584D0035E296 /* ASIHTTPRequest.m in Sources */ = {isa = PBXBuildFile; fileRef = A884FC57164F584D0035E296 /* ASIHTTPRequest.m */; settings = {COMPILER_FLAGS = "-fno-objc-arc"; }; };
		A884FC71164F584D0035E296 /* ASIInputStream.m in Sources */ = {isa = PBXBuildFile; fileRef = A884FC5B164F584D0035E296 /* ASIInputStream.m */; settings = {COMPILER_FLAGS = "-fno-objc-arc"; }; };
		A884FC72164F584D0035E296 /* ASINetworkQueue.m in Sources */ = {isa = PBXBuildFile; fileRef = A884FC5D164F584D0035E296 /* ASINetworkQueue.m */; settings = {COMPILER_FLAGS = "-fno-objc-arc"; }; };
		A884FC73164F584D0035E296 /* Reachability.m in Sources */ = {isa = PBXBuildFile; fileRef = A884FC64164F584D0035E296 /* Reachability.m */; settings = {COMPILER_FLAGS = "-fno-objc-arc"; }; };
		A884FC74164F584D0035E296 /* TFHpple.m in Sources */ = {isa = PBXBuildFile; fileRef = A884FC66164F584D0035E296 /* TFHpple.m */; settings = {COMPILER_FLAGS = "-fno-objc-arc"; }; };
		A884FC75164F584D0035E296 /* TFHppleElement.m in Sources */ = {isa = PBXBuildFile; fileRef = A884FC68164F584D0035E296 /* TFHppleElement.m */; settings = {COMPILER_FLAGS = "-fno-objc-arc"; }; };
		A884FC76164F584D0035E296 /* XPathQuery.m in Sources */ = {isa = PBXBuildFile; fileRef = A884FC6A164F584D0035E296 /* XPathQuery.m */; settings = {COMPILER_FLAGS = "-fno-objc-arc"; }; };
		A884FC79164F58DE0035E296 /* User.m in Sources */ = {isa = PBXBuildFile; fileRef = A884FC78164F58DE0035E296 /* User.m */; };
		A884FC7F164F5A420035E296 /* libxml2.dylib in Frameworks */ = {isa = PBXBuildFile; fileRef = A884FC7E164F5A420035E296 /* libxml2.dylib */; };
		A884FC81164F5A490035E296 /* CFNetwork.framework in Frameworks */ = {isa = PBXBuildFile; fileRef = A884FC80164F5A490035E296 /* CFNetwork.framework */; };
		A884FC83164F5A520035E296 /* libc.dylib in Frameworks */ = {isa = PBXBuildFile; fileRef = A884FC82164F5A520035E296 /* libc.dylib */; };
		A884FC85164F5A5A0035E296 /* SystemConfiguration.framework in Frameworks */ = {isa = PBXBuildFile; fileRef = A884FC84164F5A5A0035E296 /* SystemConfiguration.framework */; };
		A884FC87164F5A640035E296 /* libz.1.2.5.dylib in Frameworks */ = {isa = PBXBuildFile; fileRef = A884FC86164F5A640035E296 /* libz.1.2.5.dylib */; };
		A884FC89164F5A6E0035E296 /* MobileCoreServices.framework in Frameworks */ = {isa = PBXBuildFile; fileRef = A884FC88164F5A6E0035E296 /* MobileCoreServices.framework */; };
		A88D427F165766C100D507D1 /* login.jpg in Resources */ = {isa = PBXBuildFile; fileRef = A88D425A165766C100D507D1 /* login.jpg */; };
		A88D4280165766C100D507D1 /* myLib.jpg in Resources */ = {isa = PBXBuildFile; fileRef = A88D425B165766C100D507D1 /* myLib.jpg */; };
		A88D4281165766C100D507D1 /* setting1-1.jpg in Resources */ = {isa = PBXBuildFile; fileRef = A88D425C165766C100D507D1 /* setting1-1.jpg */; };
		A88D4282165766C100D507D1 /* setting1-2.jpg in Resources */ = {isa = PBXBuildFile; fileRef = A88D425D165766C100D507D1 /* setting1-2.jpg */; };
		A88D4283165766C100D507D1 /* setting1-3.jpg in Resources */ = {isa = PBXBuildFile; fileRef = A88D425E165766C100D507D1 /* setting1-3.jpg */; };
		A88D4284165766C100D507D1 /* setting1.jpg in Resources */ = {isa = PBXBuildFile; fileRef = A88D425F165766C100D507D1 /* setting1.jpg */; };
		A88D4285165766C100D507D1 /* setting2.jpg in Resources */ = {isa = PBXBuildFile; fileRef = A88D4260165766C100D507D1 /* setting2.jpg */; };
		A88D4286165766C100D507D1 /* Thumbs.db in Resources */ = {isa = PBXBuildFile; fileRef = A88D4261165766C100D507D1 /* Thumbs.db */; };
		A88D4287165766C100D507D1 /* BookInfo.jpg in Resources */ = {isa = PBXBuildFile; fileRef = A88D4263165766C100D507D1 /* BookInfo.jpg */; };
		A88D4288165766C100D507D1 /* BookInfo2.jpg in Resources */ = {isa = PBXBuildFile; fileRef = A88D4264165766C100D507D1 /* BookInfo2.jpg */; };
		A88D4289165766C100D507D1 /* result_s.jpg in Resources */ = {isa = PBXBuildFile; fileRef = A88D4265165766C100D507D1 /* result_s.jpg */; };
		A88D428A165766C100D507D1 /* search.jpg in Resources */ = {isa = PBXBuildFile; fileRef = A88D4266165766C100D507D1 /* search.jpg */; };
		A88D428B165766C100D507D1 /* Thumbs.db in Resources */ = {isa = PBXBuildFile; fileRef = A88D4267165766C100D507D1 /* Thumbs.db */; };
		A88D428C165766C100D507D1 /* 馆藏信息.jpg in Resources */ = {isa = PBXBuildFile; fileRef = A88D4268165766C100D507D1 /* 馆藏信息.jpg */; };
		A89BF8EA165B63AE00514347 /* icon.png in Resources */ = {isa = PBXBuildFile; fileRef = A89BF8B6165B63AE00514347 /* icon.png */; };
		A89BF8EB165B63AE00514347 /* backBtn@2x.png in Resources */ = {isa = PBXBuildFile; fileRef = A89BF8B8165B63AE00514347 /* backBtn@2x.png */; };
		A89BF8EC165B63AE00514347 /* background@2x.png in Resources */ = {isa = PBXBuildFile; fileRef = A89BF8B9165B63AE00514347 /* background@2x.png */; };
		A89BF8ED165B63AE00514347 /* bookStatusBtn@2x.png in Resources */ = {isa = PBXBuildFile; fileRef = A89BF8BA165B63AE00514347 /* bookStatusBtn@2x.png */; };
		A89BF8EE165B63AE00514347 /* dArrow@2x.png in Resources */ = {isa = PBXBuildFile; fileRef = A89BF8BB165B63AE00514347 /* dArrow@2x.png */; };
		A89BF8EF165B63AE00514347 /* halfStar@2x.png in Resources */ = {isa = PBXBuildFile; fileRef = A89BF8BC165B63AE00514347 /* halfStar@2x.png */; };
		A89BF8F0165B63AE00514347 /* homeBtn_Off@2x.png in Resources */ = {isa = PBXBuildFile; fileRef = A89BF8BD165B63AE00514347 /* homeBtn_Off@2x.png */; };
		A89BF8F1165B63AE00514347 /* homeBtn_On@2x.png in Resources */ = {isa = PBXBuildFile; fileRef = A89BF8BE165B63AE00514347 /* homeBtn_On@2x.png */; };
		A89BF8F2165B63AE00514347 /* logOutBtn@2x.png in Resources */ = {isa = PBXBuildFile; fileRef = A89BF8BF165B63AE00514347 /* logOutBtn@2x.png */; };
		A89BF8F3165B63AE00514347 /* nav@2x.png in Resources */ = {isa = PBXBuildFile; fileRef = A89BF8C0165B63AE00514347 /* nav@2x.png */; };
		A89BF8F4165B63AE00514347 /* radio@2x.png in Resources */ = {isa = PBXBuildFile; fileRef = A89BF8C1165B63AE00514347 /* radio@2x.png */; };
		A89BF8F5165B63AE00514347 /* radioS@2x.png in Resources */ = {isa = PBXBuildFile; fileRef = A89BF8C2165B63AE00514347 /* radioS@2x.png */; };
		A89BF8F6165B63AE00514347 /* rArrow@2x.png in Resources */ = {isa = PBXBuildFile; fileRef = A89BF8C3165B63AE00514347 /* rArrow@2x.png */; };
		A89BF8F7165B63AE00514347 /* renewBtn@2x.png in Resources */ = {isa = PBXBuildFile; fileRef = A89BF8C4165B63AE00514347 /* renewBtn@2x.png */; };
		A89BF8F8165B63AE00514347 /* saveBtn@2x.png in Resources */ = {isa = PBXBuildFile; fileRef = A89BF8C5165B63AE00514347 /* saveBtn@2x.png */; };
		A89BF8F9165B63AE00514347 /* searchBtn_Off@2x.png in Resources */ = {isa = PBXBuildFile; fileRef = A89BF8C6165B63AE00514347 /* searchBtn_Off@2x.png */; };
		A89BF8FA165B63AE00514347 /* searchBtn_On@2x.png in Resources */ = {isa = PBXBuildFile; fileRef = A89BF8C7165B63AE00514347 /* searchBtn_On@2x.png */; };
		A89BF8FB165B63AE00514347 /* Star@2x.png in Resources */ = {isa = PBXBuildFile; fileRef = A89BF8C8165B63AE00514347 /* Star@2x.png */; };
		A89BF8FC165B63AE00514347 /* switchKnob@2x.png in Resources */ = {isa = PBXBuildFile; fileRef = A89BF8C9165B63AE00514347 /* switchKnob@2x.png */; };
		A89BF8FD165B63AE00514347 /* switchOff@2x.png in Resources */ = {isa = PBXBuildFile; fileRef = A89BF8CA165B63AE00514347 /* switchOff@2x.png */; };
		A89BF8FE165B63AE00514347 /* switchOn@2x.png in Resources */ = {isa = PBXBuildFile; fileRef = A89BF8CB165B63AE00514347 /* switchOn@2x.png */; };
		A89BF8FF165B63AE00514347 /* tabBar@2x.png in Resources */ = {isa = PBXBuildFile; fileRef = A89BF8CC165B63AE00514347 /* tabBar@2x.png */; };
		A89BF900165B63AE00514347 /* Thumbs.db in Resources */ = {isa = PBXBuildFile; fileRef = A89BF8CD165B63AE00514347 /* Thumbs.db */; };
		A89BF901165B63AE00514347 /* LibLOGO.png in Resources */ = {isa = PBXBuildFile; fileRef = A89BF8CE165B63AE00514347 /* LibLOGO.png */; };
		A89BF902165B63AE00514347 /* backBtn.png in Resources */ = {isa = PBXBuildFile; fileRef = A89BF8D0165B63AE00514347 /* backBtn.png */; };
		A89BF903165B63AE00514347 /* background.png in Resources */ = {isa = PBXBuildFile; fileRef = A89BF8D1165B63AE00514347 /* background.png */; };
		A89BF904165B63AE00514347 /* bookStatusBtn.png in Resources */ = {isa = PBXBuildFile; fileRef = A89BF8D3165B63AE00514347 /* bookStatusBtn.png */; };
		A89BF905165B63AE00514347 /* halfStar.png in Resources */ = {isa = PBXBuildFile; fileRef = A89BF8D4165B63AE00514347 /* halfStar.png */; };
		A89BF906165B63AE00514347 /* moreDetail.png in Resources */ = {isa = PBXBuildFile; fileRef = A89BF8D5165B63AE00514347 /* moreDetail.png */; };
		A89BF907165B63AE00514347 /* Star.png in Resources */ = {isa = PBXBuildFile; fileRef = A89BF8D6165B63AE00514347 /* Star.png */; };
		A89BF908165B63AE00514347 /* Thumbs.db in Resources */ = {isa = PBXBuildFile; fileRef = A89BF8D7165B63AE00514347 /* Thumbs.db */; };
		A89BF909165B63AE00514347 /* dArrow.png in Resources */ = {isa = PBXBuildFile; fileRef = A89BF8D8165B63AE00514347 /* dArrow.png */; };
		A89BF90A165B63AE00514347 /* homeBtn_Off.png in Resources */ = {isa = PBXBuildFile; fileRef = A89BF8D9165B63AE00514347 /* homeBtn_Off.png */; };
		A89BF90B165B63AE00514347 /* homeBtn_On.png in Resources */ = {isa = PBXBuildFile; fileRef = A89BF8DA165B63AE00514347 /* homeBtn_On.png */; };
		A89BF90C165B63AE00514347 /* Library1.png in Resources */ = {isa = PBXBuildFile; fileRef = A89BF8DB165B63AE00514347 /* Library1.png */; };
		A89BF90D165B63AE00514347 /* logOutBtn.png in Resources */ = {isa = PBXBuildFile; fileRef = A89BF8DC165B63AE00514347 /* logOutBtn.png */; };
		A89BF90E165B63AE00514347 /* nav.png in Resources */ = {isa = PBXBuildFile; fileRef = A89BF8DD165B63AE00514347 /* nav.png */; };
		A89BF90F165B63AE00514347 /* radio.png in Resources */ = {isa = PBXBuildFile; fileRef = A89BF8DE165B63AE00514347 /* radio.png */; };
		A89BF910165B63AE00514347 /* radioS.png in Resources */ = {isa = PBXBuildFile; fileRef = A89BF8DF165B63AE00514347 /* radioS.png */; };
		A89BF911165B63AE00514347 /* rArrow.png in Resources */ = {isa = PBXBuildFile; fileRef = A89BF8E0165B63AE00514347 /* rArrow.png */; };
		A89BF912165B63AE00514347 /* renewBtn.png in Resources */ = {isa = PBXBuildFile; fileRef = A89BF8E1165B63AE00514347 /* renewBtn.png */; };
		A89BF913165B63AE00514347 /* saveBtn.png in Resources */ = {isa = PBXBuildFile; fileRef = A89BF8E2165B63AE00514347 /* saveBtn.png */; };
		A89BF914165B63AE00514347 /* searchBtn_Off.png in Resources */ = {isa = PBXBuildFile; fileRef = A89BF8E3165B63AE00514347 /* searchBtn_Off.png */; };
		A89BF915165B63AE00514347 /* searchBtn_On.png in Resources */ = {isa = PBXBuildFile; fileRef = A89BF8E4165B63AE00514347 /* searchBtn_On.png */; };
		A89BF916165B63AE00514347 /* switchKnob.png in Resources */ = {isa = PBXBuildFile; fileRef = A89BF8E5165B63AE00514347 /* switchKnob.png */; };
		A89BF917165B63AE00514347 /* switchOff.png in Resources */ = {isa = PBXBuildFile; fileRef = A89BF8E6165B63AE00514347 /* switchOff.png */; };
		A89BF918165B63AE00514347 /* switchOn.png in Resources */ = {isa = PBXBuildFile; fileRef = A89BF8E7165B63AE00514347 /* switchOn.png */; };
		A89BF919165B63AE00514347 /* tabBar.png in Resources */ = {isa = PBXBuildFile; fileRef = A89BF8E8165B63AE00514347 /* tabBar.png */; };
		A89BF91A165B63AE00514347 /* Thumbs.db in Resources */ = {isa = PBXBuildFile; fileRef = A89BF8E9165B63AE00514347 /* Thumbs.db */; };
		A89BF921165B67EC00514347 /* LIBMyBookCellView.xib in Resources */ = {isa = PBXBuildFile; fileRef = A89BF920165B67EC00514347 /* LIBMyBookCellView.xib */; };
		A89BF929165B819100514347 /* RadioButton.m in Sources */ = {isa = PBXBuildFile; fileRef = A89BF928165B819100514347 /* RadioButton.m */; settings = {COMPILER_FLAGS = "-fno-objc-arc"; }; };
		A8C168151650C47D0037C497 /* BorrowBooks.m in Sources */ = {isa = PBXBuildFile; fileRef = A8C168131650C47D0037C497 /* BorrowBooks.m */; };
		A8C168191650F8B30037C497 /* LIBBookViewController.m in Sources */ = {isa = PBXBuildFile; fileRef = A8C168171650F8B20037C497 /* LIBBookViewController.m */; };
		A8D413EB1668A54A0040C2DA /* SVPullToRefresh.m in Sources */ = {isa = PBXBuildFile; fileRef = A8D413EA1668A54A0040C2DA /* SVPullToRefresh.m */; };
		A8D413ED1668A5510040C2DA /* SVPullToRefresh.bundle in Resources */ = {isa = PBXBuildFile; fileRef = A8D413EC1668A5510040C2DA /* SVPullToRefresh.bundle */; };
		A8D413EF1668A76C0040C2DA /* QuartzCore.framework in Frameworks */ = {isa = PBXBuildFile; fileRef = A8D413EE1668A76C0040C2DA /* QuartzCore.framework */; };
		B0863125164B848C00451893 /* UIKit.framework in Frameworks */ = {isa = PBXBuildFile; fileRef = B0863124164B848C00451893 /* UIKit.framework */; };
		B0863127164B848C00451893 /* Foundation.framework in Frameworks */ = {isa = PBXBuildFile; fileRef = B0863126164B848C00451893 /* Foundation.framework */; };
		B0863129164B848C00451893 /* CoreGraphics.framework in Frameworks */ = {isa = PBXBuildFile; fileRef = B0863128164B848C00451893 /* CoreGraphics.framework */; };
		B086312F164B848C00451893 /* InfoPlist.strings in Resources */ = {isa = PBXBuildFile; fileRef = B086312D164B848C00451893 /* InfoPlist.strings */; };
		B0863131164B848C00451893 /* main.m in Sources */ = {isa = PBXBuildFile; fileRef = B0863130164B848C00451893 /* main.m */; };
		B0863135164B848C00451893 /* LIBAppDelegate.m in Sources */ = {isa = PBXBuildFile; fileRef = B0863134164B848C00451893 /* LIBAppDelegate.m */; };
		B0863138164B848C00451893 /* MainStoryboard.storyboard in Resources */ = {isa = PBXBuildFile; fileRef = B0863136164B848C00451893 /* MainStoryboard.storyboard */; };
		B086313B164B848C00451893 /* LIBSearchViewController.m in Sources */ = {isa = PBXBuildFile; fileRef = B086313A164B848C00451893 /* LIBSearchViewController.m */; };
		B0863143164B85E600451893 /* LIBDataManager.m in Sources */ = {isa = PBXBuildFile; fileRef = B0863142164B85E600451893 /* LIBDataManager.m */; };
		B086314B164B9BD200451893 /* LIBLogInViewController.m in Sources */ = {isa = PBXBuildFile; fileRef = B0863149164B9BD200451893 /* LIBLogInViewController.m */; };
		B086314F164BA58B00451893 /* LIBClient.m in Sources */ = {isa = PBXBuildFile; fileRef = B086314E164BA58B00451893 /* LIBClient.m */; };
		B0863153164BC2D400451893 /* LIBSearchResultViewController.m in Sources */ = {isa = PBXBuildFile; fileRef = B0863151164BC2D300451893 /* LIBSearchResultViewController.m */; };
		B0E82F46164DFEB2005E31AD /* LIBMyinfoViewController.m in Sources */ = {isa = PBXBuildFile; fileRef = B0E82F45164DFEB2005E31AD /* LIBMyinfoViewController.m */; };
		B0E82F4C164DFF21005E31AD /* LIBConfigureViewController.m in Sources */ = {isa = PBXBuildFile; fileRef = B0E82F4B164DFF21005E31AD /* LIBConfigureViewController.m */; };
		B0E82F4F164DFF40005E31AD /* LIBEmailViewController.m in Sources */ = {isa = PBXBuildFile; fileRef = B0E82F4E164DFF40005E31AD /* LIBEmailViewController.m */; };
		B0E82F52164DFF64005E31AD /* LIBPhoneViewController.m in Sources */ = {isa = PBXBuildFile; fileRef = B0E82F51164DFF64005E31AD /* LIBPhoneViewController.m */; };
/* End PBXBuildFile section */

/* Begin PBXFileReference section */
		A86A4E671661F54E00513FA8 /* greenBox.png */ = {isa = PBXFileReference; lastKnownFileType = image.png; path = greenBox.png; sourceTree = "<group>"; };
		A86A95011661BE7800D5B20A /* alarmSetLine.png */ = {isa = PBXFileReference; lastKnownFileType = image.png; path = alarmSetLine.png; sourceTree = "<group>"; };
		A86A95021661BE7800D5B20A /* alarmSetLine@2x.png */ = {isa = PBXFileReference; lastKnownFileType = image.png; path = "alarmSetLine@2x.png"; sourceTree = "<group>"; };
		A86A95061661CA4600D5B20A /* nav.png */ = {isa = PBXFileReference; lastKnownFileType = image.png; path = nav.png; sourceTree = "<group>"; };
		A86A95391661D30700D5B20A /* Book.h */ = {isa = PBXFileReference; fileEncoding = 4; lastKnownFileType = sourcecode.c.h; path = Book.h; sourceTree = "<group>"; };
		A86A953A1661D30700D5B20A /* Book.m */ = {isa = PBXFileReference; fileEncoding = 4; lastKnownFileType = sourcecode.c.objc; path = Book.m; sourceTree = "<group>"; };
		A86A953B1661D30700D5B20A /* BookManage.h */ = {isa = PBXFileReference; fileEncoding = 4; lastKnownFileType = sourcecode.c.h; path = BookManage.h; sourceTree = "<group>"; };
		A86A953C1661D30700D5B20A /* BookManage.m */ = {isa = PBXFileReference; fileEncoding = 4; lastKnownFileType = sourcecode.c.objc; path = BookManage.m; sourceTree = "<group>"; };
		A86B164D1660E94800B86A3D /* LIBTIMEViewController.h */ = {isa = PBXFileReference; fileEncoding = 4; lastKnownFileType = sourcecode.c.h; path = LIBTIMEViewController.h; sourceTree = "<group>"; };
		A86B164E1660E94800B86A3D /* LIBTIMEViewController.m */ = {isa = PBXFileReference; fileEncoding = 4; lastKnownFileType = sourcecode.c.objc; path = LIBTIMEViewController.m; sourceTree = "<group>"; };
		A86B16611660EF8100B86A3D /* accountSet.png */ = {isa = PBXFileReference; lastKnownFileType = image.png; path = accountSet.png; sourceTree = "<group>"; };
		A86B16621660EF8100B86A3D /* accountSet@2x.png */ = {isa = PBXFileReference; lastKnownFileType = image.png; path = "accountSet@2x.png"; sourceTree = "<group>"; };
		A86B16631660EF8100B86A3D /* alarm.png */ = {isa = PBXFileReference; lastKnownFileType = image.png; path = alarm.png; sourceTree = "<group>"; };
		A86B16641660EF8100B86A3D /* alarm@2x.png */ = {isa = PBXFileReference; lastKnownFileType = image.png; path = "alarm@2x.png"; sourceTree = "<group>"; };
		A86B16651660EF8100B86A3D /* code.png */ = {isa = PBXFileReference; lastKnownFileType = image.png; path = code.png; sourceTree = "<group>"; };
		A86B16661660EF8100B86A3D /* code@2x.png */ = {isa = PBXFileReference; lastKnownFileType = image.png; path = "code@2x.png"; sourceTree = "<group>"; };
		A86B16671660EF8100B86A3D /* email.png */ = {isa = PBXFileReference; lastKnownFileType = image.png; path = email.png; sourceTree = "<group>"; };
		A86B16681660EF8100B86A3D /* email@2x.png */ = {isa = PBXFileReference; lastKnownFileType = image.png; path = "email@2x.png"; sourceTree = "<group>"; };
		A86B16691660EF8100B86A3D /* phonenum.png */ = {isa = PBXFileReference; lastKnownFileType = image.png; path = phonenum.png; sourceTree = "<group>"; };
		A86B166A1660EF8100B86A3D /* phonenum@2x.png */ = {isa = PBXFileReference; lastKnownFileType = image.png; path = "phonenum@2x.png"; sourceTree = "<group>"; };
		A86B166B1660EF8100B86A3D /* Thumbs.db */ = {isa = PBXFileReference; lastKnownFileType = file; path = Thumbs.db; sourceTree = "<group>"; };
		A86B16781660F16400B86A3D /* darkbg.png */ = {isa = PBXFileReference; lastKnownFileType = image.png; path = darkbg.png; sourceTree = "<group>"; };
		A86B16791660F16400B86A3D /* lightbg.png */ = {isa = PBXFileReference; lastKnownFileType = image.png; path = lightbg.png; sourceTree = "<group>"; };
		A871699216578EC800782778 /* LIBSetPSWViewController.h */ = {isa = PBXFileReference; fileEncoding = 4; lastKnownFileType = sourcecode.c.h; path = LIBSetPSWViewController.h; sourceTree = "<group>"; };
		A871699316578EC800782778 /* LIBSetPSWViewController.m */ = {isa = PBXFileReference; fileEncoding = 4; lastKnownFileType = sourcecode.c.objc; path = LIBSetPSWViewController.m; sourceTree = "<group>"; };
		A884FC4B164F584D0035E296 /* ASIAuthenticationDialog.h */ = {isa = PBXFileReference; fileEncoding = 4; lastKnownFileType = sourcecode.c.h; path = ASIAuthenticationDialog.h; sourceTree = "<group>"; };
		A884FC4C164F584D0035E296 /* ASIAuthenticationDialog.m */ = {isa = PBXFileReference; fileEncoding = 4; lastKnownFileType = sourcecode.c.objc; path = ASIAuthenticationDialog.m; sourceTree = "<group>"; };
		A884FC4D164F584D0035E296 /* ASICacheDelegate.h */ = {isa = PBXFileReference; fileEncoding = 4; lastKnownFileType = sourcecode.c.h; path = ASICacheDelegate.h; sourceTree = "<group>"; };
		A884FC4E164F584D0035E296 /* ASIDataCompressor.h */ = {isa = PBXFileReference; fileEncoding = 4; lastKnownFileType = sourcecode.c.h; path = ASIDataCompressor.h; sourceTree = "<group>"; };
		A884FC4F164F584D0035E296 /* ASIDataCompressor.m */ = {isa = PBXFileReference; fileEncoding = 4; lastKnownFileType = sourcecode.c.objc; path = ASIDataCompressor.m; sourceTree = "<group>"; };
		A884FC50164F584D0035E296 /* ASIDataDecompressor.h */ = {isa = PBXFileReference; fileEncoding = 4; lastKnownFileType = sourcecode.c.h; path = ASIDataDecompressor.h; sourceTree = "<group>"; };
		A884FC51164F584D0035E296 /* ASIDataDecompressor.m */ = {isa = PBXFileReference; fileEncoding = 4; lastKnownFileType = sourcecode.c.objc; path = ASIDataDecompressor.m; sourceTree = "<group>"; };
		A884FC52164F584D0035E296 /* ASIDownloadCache.h */ = {isa = PBXFileReference; fileEncoding = 4; lastKnownFileType = sourcecode.c.h; path = ASIDownloadCache.h; sourceTree = "<group>"; };
		A884FC53164F584D0035E296 /* ASIDownloadCache.m */ = {isa = PBXFileReference; fileEncoding = 4; lastKnownFileType = sourcecode.c.objc; path = ASIDownloadCache.m; sourceTree = "<group>"; };
		A884FC54164F584D0035E296 /* ASIFormDataRequest.h */ = {isa = PBXFileReference; fileEncoding = 4; lastKnownFileType = sourcecode.c.h; path = ASIFormDataRequest.h; sourceTree = "<group>"; };
		A884FC55164F584D0035E296 /* ASIFormDataRequest.m */ = {isa = PBXFileReference; fileEncoding = 4; lastKnownFileType = sourcecode.c.objc; path = ASIFormDataRequest.m; sourceTree = "<group>"; };
		A884FC56164F584D0035E296 /* ASIHTTPRequest.h */ = {isa = PBXFileReference; fileEncoding = 4; lastKnownFileType = sourcecode.c.h; path = ASIHTTPRequest.h; sourceTree = "<group>"; };
		A884FC57164F584D0035E296 /* ASIHTTPRequest.m */ = {isa = PBXFileReference; fileEncoding = 4; lastKnownFileType = sourcecode.c.objc; path = ASIHTTPRequest.m; sourceTree = "<group>"; };
		A884FC58164F584D0035E296 /* ASIHTTPRequestConfig.h */ = {isa = PBXFileReference; fileEncoding = 4; lastKnownFileType = sourcecode.c.h; path = ASIHTTPRequestConfig.h; sourceTree = "<group>"; };
		A884FC59164F584D0035E296 /* ASIHTTPRequestDelegate.h */ = {isa = PBXFileReference; fileEncoding = 4; lastKnownFileType = sourcecode.c.h; path = ASIHTTPRequestDelegate.h; sourceTree = "<group>"; };
		A884FC5A164F584D0035E296 /* ASIInputStream.h */ = {isa = PBXFileReference; fileEncoding = 4; lastKnownFileType = sourcecode.c.h; path = ASIInputStream.h; sourceTree = "<group>"; };
		A884FC5B164F584D0035E296 /* ASIInputStream.m */ = {isa = PBXFileReference; fileEncoding = 4; lastKnownFileType = sourcecode.c.objc; path = ASIInputStream.m; sourceTree = "<group>"; };
		A884FC5C164F584D0035E296 /* ASINetworkQueue.h */ = {isa = PBXFileReference; fileEncoding = 4; lastKnownFileType = sourcecode.c.h; path = ASINetworkQueue.h; sourceTree = "<group>"; };
		A884FC5D164F584D0035E296 /* ASINetworkQueue.m */ = {isa = PBXFileReference; fileEncoding = 4; lastKnownFileType = sourcecode.c.objc; path = ASINetworkQueue.m; sourceTree = "<group>"; };
		A884FC5E164F584D0035E296 /* ASIProgressDelegate.h */ = {isa = PBXFileReference; fileEncoding = 4; lastKnownFileType = sourcecode.c.h; path = ASIProgressDelegate.h; sourceTree = "<group>"; };
		A884FC63164F584D0035E296 /* Reachability.h */ = {isa = PBXFileReference; fileEncoding = 4; lastKnownFileType = sourcecode.c.h; path = Reachability.h; sourceTree = "<group>"; };
		A884FC64164F584D0035E296 /* Reachability.m */ = {isa = PBXFileReference; fileEncoding = 4; lastKnownFileType = sourcecode.c.objc; path = Reachability.m; sourceTree = "<group>"; };
		A884FC65164F584D0035E296 /* TFHpple.h */ = {isa = PBXFileReference; fileEncoding = 4; lastKnownFileType = sourcecode.c.h; path = TFHpple.h; sourceTree = "<group>"; };
		A884FC66164F584D0035E296 /* TFHpple.m */ = {isa = PBXFileReference; fileEncoding = 4; lastKnownFileType = sourcecode.c.objc; path = TFHpple.m; sourceTree = "<group>"; };
		A884FC67164F584D0035E296 /* TFHppleElement.h */ = {isa = PBXFileReference; fileEncoding = 4; lastKnownFileType = sourcecode.c.h; path = TFHppleElement.h; sourceTree = "<group>"; };
		A884FC68164F584D0035E296 /* TFHppleElement.m */ = {isa = PBXFileReference; fileEncoding = 4; lastKnownFileType = sourcecode.c.objc; path = TFHppleElement.m; sourceTree = "<group>"; };
		A884FC69164F584D0035E296 /* XPathQuery.h */ = {isa = PBXFileReference; fileEncoding = 4; lastKnownFileType = sourcecode.c.h; path = XPathQuery.h; sourceTree = "<group>"; };
		A884FC6A164F584D0035E296 /* XPathQuery.m */ = {isa = PBXFileReference; fileEncoding = 4; lastKnownFileType = sourcecode.c.objc; path = XPathQuery.m; sourceTree = "<group>"; };
		A884FC77164F58DE0035E296 /* User.h */ = {isa = PBXFileReference; fileEncoding = 4; lastKnownFileType = sourcecode.c.h; path = User.h; sourceTree = "<group>"; };
		A884FC78164F58DE0035E296 /* User.m */ = {isa = PBXFileReference; fileEncoding = 4; lastKnownFileType = sourcecode.c.objc; path = User.m; sourceTree = "<group>"; };
		A884FC7E164F5A420035E296 /* libxml2.dylib */ = {isa = PBXFileReference; lastKnownFileType = "compiled.mach-o.dylib"; name = libxml2.dylib; path = usr/lib/libxml2.dylib; sourceTree = SDKROOT; };
		A884FC80164F5A490035E296 /* CFNetwork.framework */ = {isa = PBXFileReference; lastKnownFileType = wrapper.framework; name = CFNetwork.framework; path = System/Library/Frameworks/CFNetwork.framework; sourceTree = SDKROOT; };
		A884FC82164F5A520035E296 /* libc.dylib */ = {isa = PBXFileReference; lastKnownFileType = "compiled.mach-o.dylib"; name = libc.dylib; path = usr/lib/libc.dylib; sourceTree = SDKROOT; };
		A884FC84164F5A5A0035E296 /* SystemConfiguration.framework */ = {isa = PBXFileReference; lastKnownFileType = wrapper.framework; name = SystemConfiguration.framework; path = System/Library/Frameworks/SystemConfiguration.framework; sourceTree = SDKROOT; };
		A884FC86164F5A640035E296 /* libz.1.2.5.dylib */ = {isa = PBXFileReference; lastKnownFileType = "compiled.mach-o.dylib"; name = libz.1.2.5.dylib; path = usr/lib/libz.1.2.5.dylib; sourceTree = SDKROOT; };
		A884FC88164F5A6E0035E296 /* MobileCoreServices.framework */ = {isa = PBXFileReference; lastKnownFileType = wrapper.framework; name = MobileCoreServices.framework; path = System/Library/Frameworks/MobileCoreServices.framework; sourceTree = SDKROOT; };
		A88D425A165766C100D507D1 /* login.jpg */ = {isa = PBXFileReference; lastKnownFileType = image.jpeg; path = login.jpg; sourceTree = "<group>"; };
		A88D425B165766C100D507D1 /* myLib.jpg */ = {isa = PBXFileReference; lastKnownFileType = image.jpeg; path = myLib.jpg; sourceTree = "<group>"; };
		A88D425C165766C100D507D1 /* setting1-1.jpg */ = {isa = PBXFileReference; lastKnownFileType = image.jpeg; path = "setting1-1.jpg"; sourceTree = "<group>"; };
		A88D425D165766C100D507D1 /* setting1-2.jpg */ = {isa = PBXFileReference; lastKnownFileType = image.jpeg; path = "setting1-2.jpg"; sourceTree = "<group>"; };
		A88D425E165766C100D507D1 /* setting1-3.jpg */ = {isa = PBXFileReference; lastKnownFileType = image.jpeg; path = "setting1-3.jpg"; sourceTree = "<group>"; };
		A88D425F165766C100D507D1 /* setting1.jpg */ = {isa = PBXFileReference; lastKnownFileType = image.jpeg; path = setting1.jpg; sourceTree = "<group>"; };
		A88D4260165766C100D507D1 /* setting2.jpg */ = {isa = PBXFileReference; lastKnownFileType = image.jpeg; path = setting2.jpg; sourceTree = "<group>"; };
		A88D4261165766C100D507D1 /* Thumbs.db */ = {isa = PBXFileReference; lastKnownFileType = file; path = Thumbs.db; sourceTree = "<group>"; };
		A88D4263165766C100D507D1 /* BookInfo.jpg */ = {isa = PBXFileReference; lastKnownFileType = image.jpeg; path = BookInfo.jpg; sourceTree = "<group>"; };
		A88D4264165766C100D507D1 /* BookInfo2.jpg */ = {isa = PBXFileReference; lastKnownFileType = image.jpeg; path = BookInfo2.jpg; sourceTree = "<group>"; };
		A88D4265165766C100D507D1 /* result_s.jpg */ = {isa = PBXFileReference; lastKnownFileType = image.jpeg; path = result_s.jpg; sourceTree = "<group>"; };
		A88D4266165766C100D507D1 /* search.jpg */ = {isa = PBXFileReference; lastKnownFileType = image.jpeg; path = search.jpg; sourceTree = "<group>"; };
		A88D4267165766C100D507D1 /* Thumbs.db */ = {isa = PBXFileReference; lastKnownFileType = file; path = Thumbs.db; sourceTree = "<group>"; };
		A88D4268165766C100D507D1 /* 馆藏信息.jpg */ = {isa = PBXFileReference; lastKnownFileType = image.jpeg; path = "馆藏信息.jpg"; sourceTree = "<group>"; };
		A89BF8B6165B63AE00514347 /* icon.png */ = {isa = PBXFileReference; lastKnownFileType = image.png; path = icon.png; sourceTree = "<group>"; };
		A89BF8B8165B63AE00514347 /* backBtn@2x.png */ = {isa = PBXFileReference; lastKnownFileType = image.png; path = "backBtn@2x.png"; sourceTree = "<group>"; };
		A89BF8B9165B63AE00514347 /* background@2x.png */ = {isa = PBXFileReference; lastKnownFileType = image.png; path = "background@2x.png"; sourceTree = "<group>"; };
		A89BF8BA165B63AE00514347 /* bookStatusBtn@2x.png */ = {isa = PBXFileReference; lastKnownFileType = image.png; path = "bookStatusBtn@2x.png"; sourceTree = "<group>"; };
		A89BF8BB165B63AE00514347 /* dArrow@2x.png */ = {isa = PBXFileReference; lastKnownFileType = image.png; path = "dArrow@2x.png"; sourceTree = "<group>"; };
		A89BF8BC165B63AE00514347 /* halfStar@2x.png */ = {isa = PBXFileReference; lastKnownFileType = image.png; path = "halfStar@2x.png"; sourceTree = "<group>"; };
		A89BF8BD165B63AE00514347 /* homeBtn_Off@2x.png */ = {isa = PBXFileReference; lastKnownFileType = image.png; path = "homeBtn_Off@2x.png"; sourceTree = "<group>"; };
		A89BF8BE165B63AE00514347 /* homeBtn_On@2x.png */ = {isa = PBXFileReference; lastKnownFileType = image.png; path = "homeBtn_On@2x.png"; sourceTree = "<group>"; };
		A89BF8BF165B63AE00514347 /* logOutBtn@2x.png */ = {isa = PBXFileReference; lastKnownFileType = image.png; path = "logOutBtn@2x.png"; sourceTree = "<group>"; };
		A89BF8C0165B63AE00514347 /* nav@2x.png */ = {isa = PBXFileReference; lastKnownFileType = image.png; path = "nav@2x.png"; sourceTree = "<group>"; };
		A89BF8C1165B63AE00514347 /* radio@2x.png */ = {isa = PBXFileReference; lastKnownFileType = image.png; path = "radio@2x.png"; sourceTree = "<group>"; };
		A89BF8C2165B63AE00514347 /* radioS@2x.png */ = {isa = PBXFileReference; lastKnownFileType = image.png; path = "radioS@2x.png"; sourceTree = "<group>"; };
		A89BF8C3165B63AE00514347 /* rArrow@2x.png */ = {isa = PBXFileReference; lastKnownFileType = image.png; path = "rArrow@2x.png"; sourceTree = "<group>"; };
		A89BF8C4165B63AE00514347 /* renewBtn@2x.png */ = {isa = PBXFileReference; lastKnownFileType = image.png; path = "renewBtn@2x.png"; sourceTree = "<group>"; };
		A89BF8C5165B63AE00514347 /* saveBtn@2x.png */ = {isa = PBXFileReference; lastKnownFileType = image.png; path = "saveBtn@2x.png"; sourceTree = "<group>"; };
		A89BF8C6165B63AE00514347 /* searchBtn_Off@2x.png */ = {isa = PBXFileReference; lastKnownFileType = image.png; path = "searchBtn_Off@2x.png"; sourceTree = "<group>"; };
		A89BF8C7165B63AE00514347 /* searchBtn_On@2x.png */ = {isa = PBXFileReference; lastKnownFileType = image.png; path = "searchBtn_On@2x.png"; sourceTree = "<group>"; };
		A89BF8C8165B63AE00514347 /* Star@2x.png */ = {isa = PBXFileReference; lastKnownFileType = image.png; path = "Star@2x.png"; sourceTree = "<group>"; };
		A89BF8C9165B63AE00514347 /* switchKnob@2x.png */ = {isa = PBXFileReference; lastKnownFileType = image.png; path = "switchKnob@2x.png"; sourceTree = "<group>"; };
		A89BF8CA165B63AE00514347 /* switchOff@2x.png */ = {isa = PBXFileReference; lastKnownFileType = image.png; path = "switchOff@2x.png"; sourceTree = "<group>"; };
		A89BF8CB165B63AE00514347 /* switchOn@2x.png */ = {isa = PBXFileReference; lastKnownFileType = image.png; path = "switchOn@2x.png"; sourceTree = "<group>"; };
		A89BF8CC165B63AE00514347 /* tabBar@2x.png */ = {isa = PBXFileReference; lastKnownFileType = image.png; path = "tabBar@2x.png"; sourceTree = "<group>"; };
		A89BF8CD165B63AE00514347 /* Thumbs.db */ = {isa = PBXFileReference; lastKnownFileType = file; path = Thumbs.db; sourceTree = "<group>"; };
		A89BF8CE165B63AE00514347 /* LibLOGO.png */ = {isa = PBXFileReference; lastKnownFileType = image.png; path = LibLOGO.png; sourceTree = "<group>"; };
		A89BF8D0165B63AE00514347 /* backBtn.png */ = {isa = PBXFileReference; lastKnownFileType = image.png; path = backBtn.png; sourceTree = "<group>"; };
		A89BF8D1165B63AE00514347 /* background.png */ = {isa = PBXFileReference; lastKnownFileType = image.png; path = background.png; sourceTree = "<group>"; };
		A89BF8D3165B63AE00514347 /* bookStatusBtn.png */ = {isa = PBXFileReference; lastKnownFileType = image.png; path = bookStatusBtn.png; sourceTree = "<group>"; };
		A89BF8D4165B63AE00514347 /* halfStar.png */ = {isa = PBXFileReference; lastKnownFileType = image.png; path = halfStar.png; sourceTree = "<group>"; };
		A89BF8D5165B63AE00514347 /* moreDetail.png */ = {isa = PBXFileReference; lastKnownFileType = image.png; path = moreDetail.png; sourceTree = "<group>"; };
		A89BF8D6165B63AE00514347 /* Star.png */ = {isa = PBXFileReference; lastKnownFileType = image.png; path = Star.png; sourceTree = "<group>"; };
		A89BF8D7165B63AE00514347 /* Thumbs.db */ = {isa = PBXFileReference; lastKnownFileType = file; path = Thumbs.db; sourceTree = "<group>"; };
		A89BF8D8165B63AE00514347 /* dArrow.png */ = {isa = PBXFileReference; lastKnownFileType = image.png; path = dArrow.png; sourceTree = "<group>"; };
		A89BF8D9165B63AE00514347 /* homeBtn_Off.png */ = {isa = PBXFileReference; lastKnownFileType = image.png; path = homeBtn_Off.png; sourceTree = "<group>"; };
		A89BF8DA165B63AE00514347 /* homeBtn_On.png */ = {isa = PBXFileReference; lastKnownFileType = image.png; path = homeBtn_On.png; sourceTree = "<group>"; };
		A89BF8DB165B63AE00514347 /* Library1.png */ = {isa = PBXFileReference; lastKnownFileType = image.png; path = Library1.png; sourceTree = "<group>"; };
		A89BF8DC165B63AE00514347 /* logOutBtn.png */ = {isa = PBXFileReference; lastKnownFileType = image.png; path = logOutBtn.png; sourceTree = "<group>"; };
		A89BF8DD165B63AE00514347 /* nav.png */ = {isa = PBXFileReference; lastKnownFileType = image.png; path = nav.png; sourceTree = "<group>"; };
		A89BF8DE165B63AE00514347 /* radio.png */ = {isa = PBXFileReference; lastKnownFileType = image.png; path = radio.png; sourceTree = "<group>"; };
		A89BF8DF165B63AE00514347 /* radioS.png */ = {isa = PBXFileReference; lastKnownFileType = image.png; path = radioS.png; sourceTree = "<group>"; };
		A89BF8E0165B63AE00514347 /* rArrow.png */ = {isa = PBXFileReference; lastKnownFileType = image.png; path = rArrow.png; sourceTree = "<group>"; };
		A89BF8E1165B63AE00514347 /* renewBtn.png */ = {isa = PBXFileReference; lastKnownFileType = image.png; path = renewBtn.png; sourceTree = "<group>"; };
		A89BF8E2165B63AE00514347 /* saveBtn.png */ = {isa = PBXFileReference; lastKnownFileType = image.png; path = saveBtn.png; sourceTree = "<group>"; };
		A89BF8E3165B63AE00514347 /* searchBtn_Off.png */ = {isa = PBXFileReference; lastKnownFileType = image.png; path = searchBtn_Off.png; sourceTree = "<group>"; };
		A89BF8E4165B63AE00514347 /* searchBtn_On.png */ = {isa = PBXFileReference; lastKnownFileType = image.png; path = searchBtn_On.png; sourceTree = "<group>"; };
		A89BF8E5165B63AE00514347 /* switchKnob.png */ = {isa = PBXFileReference; lastKnownFileType = image.png; path = switchKnob.png; sourceTree = "<group>"; };
		A89BF8E6165B63AE00514347 /* switchOff.png */ = {isa = PBXFileReference; lastKnownFileType = image.png; path = switchOff.png; sourceTree = "<group>"; };
		A89BF8E7165B63AE00514347 /* switchOn.png */ = {isa = PBXFileReference; lastKnownFileType = image.png; path = switchOn.png; sourceTree = "<group>"; };
		A89BF8E8165B63AE00514347 /* tabBar.png */ = {isa = PBXFileReference; lastKnownFileType = image.png; path = tabBar.png; sourceTree = "<group>"; };
		A89BF8E9165B63AE00514347 /* Thumbs.db */ = {isa = PBXFileReference; lastKnownFileType = file; path = Thumbs.db; sourceTree = "<group>"; };
		A89BF920165B67EC00514347 /* LIBMyBookCellView.xib */ = {isa = PBXFileReference; fileEncoding = 4; lastKnownFileType = file.xib; path = LIBMyBookCellView.xib; sourceTree = "<group>"; };
		A89BF927165B819100514347 /* RadioButton.h */ = {isa = PBXFileReference; fileEncoding = 4; lastKnownFileType = sourcecode.c.h; path = RadioButton.h; sourceTree = "<group>"; };
		A89BF928165B819100514347 /* RadioButton.m */ = {isa = PBXFileReference; fileEncoding = 4; lastKnownFileType = sourcecode.c.objc; path = RadioButton.m; sourceTree = "<group>"; };
		A8C168121650C47D0037C497 /* BorrowBooks.h */ = {isa = PBXFileReference; fileEncoding = 4; lastKnownFileType = sourcecode.c.h; path = BorrowBooks.h; sourceTree = "<group>"; };
		A8C168131650C47D0037C497 /* BorrowBooks.m */ = {isa = PBXFileReference; fileEncoding = 4; lastKnownFileType = sourcecode.c.objc; path = BorrowBooks.m; sourceTree = "<group>"; };
		A8C168161650F8B20037C497 /* LIBBookViewController.h */ = {isa = PBXFileReference; fileEncoding = 4; lastKnownFileType = sourcecode.c.h; path = LIBBookViewController.h; sourceTree = "<group>"; };
		A8C168171650F8B20037C497 /* LIBBookViewController.m */ = {isa = PBXFileReference; fileEncoding = 4; lastKnownFileType = sourcecode.c.objc; path = LIBBookViewController.m; sourceTree = "<group>"; };
		A8D413E81668A5390040C2DA /* SVPullToRefresh.h */ = {isa = PBXFileReference; fileEncoding = 4; lastKnownFileType = sourcecode.c.h; path = SVPullToRefresh.h; sourceTree = "<group>"; };
		A8D413EA1668A54A0040C2DA /* SVPullToRefresh.m */ = {isa = PBXFileReference; fileEncoding = 4; lastKnownFileType = sourcecode.c.objc; path = SVPullToRefresh.m; sourceTree = "<group>"; };
		A8D413EC1668A5510040C2DA /* SVPullToRefresh.bundle */ = {isa = PBXFileReference; lastKnownFileType = "wrapper.plug-in"; path = SVPullToRefresh.bundle; sourceTree = "<group>"; };
		A8D413EE1668A76C0040C2DA /* QuartzCore.framework */ = {isa = PBXFileReference; lastKnownFileType = wrapper.framework; name = QuartzCore.framework; path = System/Library/Frameworks/QuartzCore.framework; sourceTree = SDKROOT; };
		B0863120164B848C00451893 /* iSYSU_Library.app */ = {isa = PBXFileReference; explicitFileType = wrapper.application; includeInIndex = 0; path = iSYSU_Library.app; sourceTree = BUILT_PRODUCTS_DIR; };
		B0863124164B848C00451893 /* UIKit.framework */ = {isa = PBXFileReference; lastKnownFileType = wrapper.framework; name = UIKit.framework; path = System/Library/Frameworks/UIKit.framework; sourceTree = SDKROOT; };
		B0863126164B848C00451893 /* Foundation.framework */ = {isa = PBXFileReference; lastKnownFileType = wrapper.framework; name = Foundation.framework; path = System/Library/Frameworks/Foundation.framework; sourceTree = SDKROOT; };
		B0863128164B848C00451893 /* CoreGraphics.framework */ = {isa = PBXFileReference; lastKnownFileType = wrapper.framework; name = CoreGraphics.framework; path = System/Library/Frameworks/CoreGraphics.framework; sourceTree = SDKROOT; };
		B086312C164B848C00451893 /* iSYSU_Library-Info.plist */ = {isa = PBXFileReference; lastKnownFileType = text.plist.xml; path = "iSYSU_Library-Info.plist"; sourceTree = "<group>"; };
		B086312E164B848C00451893 /* en */ = {isa = PBXFileReference; lastKnownFileType = text.plist.strings; name = en; path = en.lproj/InfoPlist.strings; sourceTree = "<group>"; };
		B0863130164B848C00451893 /* main.m */ = {isa = PBXFileReference; lastKnownFileType = sourcecode.c.objc; path = main.m; sourceTree = "<group>"; };
		B0863132164B848C00451893 /* iSYSU_Library-Prefix.pch */ = {isa = PBXFileReference; lastKnownFileType = sourcecode.c.h; path = "iSYSU_Library-Prefix.pch"; sourceTree = "<group>"; };
		B0863133164B848C00451893 /* LIBAppDelegate.h */ = {isa = PBXFileReference; lastKnownFileType = sourcecode.c.h; path = LIBAppDelegate.h; sourceTree = "<group>"; };
		B0863134164B848C00451893 /* LIBAppDelegate.m */ = {isa = PBXFileReference; lastKnownFileType = sourcecode.c.objc; path = LIBAppDelegate.m; sourceTree = "<group>"; };
		B0863137164B848C00451893 /* en */ = {isa = PBXFileReference; lastKnownFileType = file.storyboard; name = en; path = en.lproj/MainStoryboard.storyboard; sourceTree = "<group>"; };
		B0863139164B848C00451893 /* LIBSearchViewController.h */ = {isa = PBXFileReference; lastKnownFileType = sourcecode.c.h; path = LIBSearchViewController.h; sourceTree = "<group>"; };
		B086313A164B848C00451893 /* LIBSearchViewController.m */ = {isa = PBXFileReference; lastKnownFileType = sourcecode.c.objc; path = LIBSearchViewController.m; sourceTree = "<group>"; };
		B0863141164B85E600451893 /* LIBDataManager.h */ = {isa = PBXFileReference; fileEncoding = 4; lastKnownFileType = sourcecode.c.h; path = LIBDataManager.h; sourceTree = "<group>"; };
		B0863142164B85E600451893 /* LIBDataManager.m */ = {isa = PBXFileReference; fileEncoding = 4; lastKnownFileType = sourcecode.c.objc; path = LIBDataManager.m; sourceTree = "<group>"; };
		B0863148164B9BD200451893 /* LIBLogInViewController.h */ = {isa = PBXFileReference; fileEncoding = 4; lastKnownFileType = sourcecode.c.h; path = LIBLogInViewController.h; sourceTree = "<group>"; };
		B0863149164B9BD200451893 /* LIBLogInViewController.m */ = {isa = PBXFileReference; fileEncoding = 4; lastKnownFileType = sourcecode.c.objc; path = LIBLogInViewController.m; sourceTree = "<group>"; };
		B086314D164BA58B00451893 /* LIBClient.h */ = {isa = PBXFileReference; fileEncoding = 4; lastKnownFileType = sourcecode.c.h; path = LIBClient.h; sourceTree = "<group>"; };
		B086314E164BA58B00451893 /* LIBClient.m */ = {isa = PBXFileReference; fileEncoding = 4; lastKnownFileType = sourcecode.c.objc; path = LIBClient.m; sourceTree = "<group>"; };
		B0863150164BC2D300451893 /* LIBSearchResultViewController.h */ = {isa = PBXFileReference; fileEncoding = 4; lastKnownFileType = sourcecode.c.h; path = LIBSearchResultViewController.h; sourceTree = "<group>"; };
		B0863151164BC2D300451893 /* LIBSearchResultViewController.m */ = {isa = PBXFileReference; fileEncoding = 4; lastKnownFileType = sourcecode.c.objc; path = LIBSearchResultViewController.m; sourceTree = "<group>"; };
		B0E82F44164DFEB2005E31AD /* LIBMyinfoViewController.h */ = {isa = PBXFileReference; fileEncoding = 4; lastKnownFileType = sourcecode.c.h; name = LIBMyinfoViewController.h; path = ../LIBMyinfoViewController.h; sourceTree = "<group>"; };
		B0E82F45164DFEB2005E31AD /* LIBMyinfoViewController.m */ = {isa = PBXFileReference; fileEncoding = 4; lastKnownFileType = sourcecode.c.objc; name = LIBMyinfoViewController.m; path = ../LIBMyinfoViewController.m; sourceTree = "<group>"; };
		B0E82F4A164DFF21005E31AD /* LIBConfigureViewController.h */ = {isa = PBXFileReference; fileEncoding = 4; lastKnownFileType = sourcecode.c.h; path = LIBConfigureViewController.h; sourceTree = "<group>"; };
		B0E82F4B164DFF21005E31AD /* LIBConfigureViewController.m */ = {isa = PBXFileReference; fileEncoding = 4; lastKnownFileType = sourcecode.c.objc; path = LIBConfigureViewController.m; sourceTree = "<group>"; };
		B0E82F4D164DFF40005E31AD /* LIBEmailViewController.h */ = {isa = PBXFileReference; fileEncoding = 4; lastKnownFileType = sourcecode.c.h; name = LIBEmailViewController.h; path = ../LIBEmailViewController.h; sourceTree = "<group>"; };
		B0E82F4E164DFF40005E31AD /* LIBEmailViewController.m */ = {isa = PBXFileReference; fileEncoding = 4; lastKnownFileType = sourcecode.c.objc; name = LIBEmailViewController.m; path = ../LIBEmailViewController.m; sourceTree = "<group>"; };
		B0E82F50164DFF64005E31AD /* LIBPhoneViewController.h */ = {isa = PBXFileReference; fileEncoding = 4; lastKnownFileType = sourcecode.c.h; path = LIBPhoneViewController.h; sourceTree = "<group>"; };
		B0E82F51164DFF64005E31AD /* LIBPhoneViewController.m */ = {isa = PBXFileReference; fileEncoding = 4; lastKnownFileType = sourcecode.c.objc; path = LIBPhoneViewController.m; sourceTree = "<group>"; };
/* End PBXFileReference section */

/* Begin PBXFrameworksBuildPhase section */
		B086311D164B848C00451893 /* Frameworks */ = {
			isa = PBXFrameworksBuildPhase;
			buildActionMask = 2147483647;
			files = (
				A8D413EF1668A76C0040C2DA /* QuartzCore.framework in Frameworks */,
				A884FC85164F5A5A0035E296 /* SystemConfiguration.framework in Frameworks */,
				A884FC89164F5A6E0035E296 /* MobileCoreServices.framework in Frameworks */,
				A884FC87164F5A640035E296 /* libz.1.2.5.dylib in Frameworks */,
				A884FC83164F5A520035E296 /* libc.dylib in Frameworks */,
				A884FC81164F5A490035E296 /* CFNetwork.framework in Frameworks */,
				A884FC7F164F5A420035E296 /* libxml2.dylib in Frameworks */,
				B0863125164B848C00451893 /* UIKit.framework in Frameworks */,
				B0863127164B848C00451893 /* Foundation.framework in Frameworks */,
				B0863129164B848C00451893 /* CoreGraphics.framework in Frameworks */,
			);
			runOnlyForDeploymentPostprocessing = 0;
		};
/* End PBXFrameworksBuildPhase section */

/* Begin PBXGroup section */
		A86B16601660EF8100B86A3D /* setting */ = {
			isa = PBXGroup;
			children = (
				A86B16611660EF8100B86A3D /* accountSet.png */,
				A86B16621660EF8100B86A3D /* accountSet@2x.png */,
				A86B16631660EF8100B86A3D /* alarm.png */,
				A86B16641660EF8100B86A3D /* alarm@2x.png */,
				A86B16651660EF8100B86A3D /* code.png */,
				A86B16661660EF8100B86A3D /* code@2x.png */,
				A86B16671660EF8100B86A3D /* email.png */,
				A86B16681660EF8100B86A3D /* email@2x.png */,
				A86B16691660EF8100B86A3D /* phonenum.png */,
				A86B166A1660EF8100B86A3D /* phonenum@2x.png */,
				A86B166B1660EF8100B86A3D /* Thumbs.db */,
			);
			path = setting;
			sourceTree = "<group>";
		};
		A884FC48164F57850035E296 /* LIBClient */ = {
			isa = PBXGroup;
			children = (
				A86A95391661D30700D5B20A /* Book.h */,
				A86A953A1661D30700D5B20A /* Book.m */,
				A86A953B1661D30700D5B20A /* BookManage.h */,
				A86A953C1661D30700D5B20A /* BookManage.m */,
				A8C168121650C47D0037C497 /* BorrowBooks.h */,
				A8C168131650C47D0037C497 /* BorrowBooks.m */,
				A884FC77164F58DE0035E296 /* User.h */,
				A884FC78164F58DE0035E296 /* User.m */,
				A884FC4A164F584D0035E296 /* ASIHttpRequest */,
				A884FC65164F584D0035E296 /* TFHpple.h */,
				A884FC66164F584D0035E296 /* TFHpple.m */,
				A884FC67164F584D0035E296 /* TFHppleElement.h */,
				A884FC68164F584D0035E296 /* TFHppleElement.m */,
				A884FC69164F584D0035E296 /* XPathQuery.h */,
				A884FC6A164F584D0035E296 /* XPathQuery.m */,
			);
			name = LIBClient;
			sourceTree = "<group>";
		};
		A884FC4A164F584D0035E296 /* ASIHttpRequest */ = {
			isa = PBXGroup;
			children = (
				A884FC4B164F584D0035E296 /* ASIAuthenticationDialog.h */,
				A884FC4C164F584D0035E296 /* ASIAuthenticationDialog.m */,
				A884FC4D164F584D0035E296 /* ASICacheDelegate.h */,
				A884FC4E164F584D0035E296 /* ASIDataCompressor.h */,
				A884FC4F164F584D0035E296 /* ASIDataCompressor.m */,
				A884FC50164F584D0035E296 /* ASIDataDecompressor.h */,
				A884FC51164F584D0035E296 /* ASIDataDecompressor.m */,
				A884FC52164F584D0035E296 /* ASIDownloadCache.h */,
				A884FC53164F584D0035E296 /* ASIDownloadCache.m */,
				A884FC54164F584D0035E296 /* ASIFormDataRequest.h */,
				A884FC55164F584D0035E296 /* ASIFormDataRequest.m */,
				A884FC56164F584D0035E296 /* ASIHTTPRequest.h */,
				A884FC57164F584D0035E296 /* ASIHTTPRequest.m */,
				A884FC58164F584D0035E296 /* ASIHTTPRequestConfig.h */,
				A884FC59164F584D0035E296 /* ASIHTTPRequestDelegate.h */,
				A884FC5A164F584D0035E296 /* ASIInputStream.h */,
				A884FC5B164F584D0035E296 /* ASIInputStream.m */,
				A884FC5C164F584D0035E296 /* ASINetworkQueue.h */,
				A884FC5D164F584D0035E296 /* ASINetworkQueue.m */,
				A884FC5E164F584D0035E296 /* ASIProgressDelegate.h */,
				A884FC5F164F584D0035E296 /* ECPurchase */,
				A884FC63164F584D0035E296 /* Reachability.h */,
				A884FC64164F584D0035E296 /* Reachability.m */,
			);
			path = ASIHttpRequest;
			sourceTree = "<group>";
		};
		A884FC5F164F584D0035E296 /* ECPurchase */ = {
			isa = PBXGroup;
			children = (
				A884FC60164F584D0035E296 /* asi-http-request */,
				A884FC61164F584D0035E296 /* based64 */,
				A884FC62164F584D0035E296 /* json-framework */,
			);
			path = ECPurchase;
			sourceTree = "<group>";
		};
		A884FC60164F584D0035E296 /* asi-http-request */ = {
			isa = PBXGroup;
			children = (
			);
			path = "asi-http-request";
			sourceTree = "<group>";
		};
		A884FC61164F584D0035E296 /* based64 */ = {
			isa = PBXGroup;
			children = (
			);
			path = based64;
			sourceTree = "<group>";
		};
		A884FC62164F584D0035E296 /* json-framework */ = {
			isa = PBXGroup;
			children = (
			);
			path = "json-framework";
			sourceTree = "<group>";
		};
		A88D4258165766C100D507D1 /* Resources */ = {
			isa = PBXGroup;
			children = (
				A88D4259165766C100D507D1 /* mylibrary */,
				A88D4262165766C100D507D1 /* search */,
				A88D4269165766C100D507D1 /* uiElement */,
			);
			path = Resources;
			sourceTree = "<group>";
		};
		A88D4259165766C100D507D1 /* mylibrary */ = {
			isa = PBXGroup;
			children = (
				A86A95011661BE7800D5B20A /* alarmSetLine.png */,
				A86A95061661CA4600D5B20A /* nav.png */,
				A86A95021661BE7800D5B20A /* alarmSetLine@2x.png */,
				A88D425A165766C100D507D1 /* login.jpg */,
				A88D425B165766C100D507D1 /* myLib.jpg */,
				A88D425C165766C100D507D1 /* setting1-1.jpg */,
				A88D425D165766C100D507D1 /* setting1-2.jpg */,
				A88D425E165766C100D507D1 /* setting1-3.jpg */,
				A88D425F165766C100D507D1 /* setting1.jpg */,
				A88D4260165766C100D507D1 /* setting2.jpg */,
				A88D4261165766C100D507D1 /* Thumbs.db */,
			);
			path = mylibrary;
			sourceTree = "<group>";
		};
		A88D4262165766C100D507D1 /* search */ = {
			isa = PBXGroup;
			children = (
				A88D4263165766C100D507D1 /* BookInfo.jpg */,
				A88D4264165766C100D507D1 /* BookInfo2.jpg */,
				A88D4265165766C100D507D1 /* result_s.jpg */,
				A88D4266165766C100D507D1 /* search.jpg */,
				A88D4267165766C100D507D1 /* Thumbs.db */,
				A88D4268165766C100D507D1 /* 馆藏信息.jpg */,
			);
			path = search;
			sourceTree = "<group>";
		};
		A88D4269165766C100D507D1 /* uiElement */ = {
			isa = PBXGroup;
			children = (
				A86A4E671661F54E00513FA8 /* greenBox.png */,
				A86B16601660EF8100B86A3D /* setting */,
				A89BF8B6165B63AE00514347 /* icon.png */,
				A89BF8B7165B63AE00514347 /* icon@2x */,
				A89BF8CE165B63AE00514347 /* LibLOGO.png */,
				A89BF8CF165B63AE00514347 /* uiElement */,
			);
			path = uiElement;
			sourceTree = "<group>";
		};
		A89BF8B7165B63AE00514347 /* icon@2x */ = {
			isa = PBXGroup;
			children = (
				A89BF8B8165B63AE00514347 /* backBtn@2x.png */,
				A89BF8B9165B63AE00514347 /* background@2x.png */,
				A89BF8BA165B63AE00514347 /* bookStatusBtn@2x.png */,
				A89BF8BB165B63AE00514347 /* dArrow@2x.png */,
				A89BF8BC165B63AE00514347 /* halfStar@2x.png */,
				A89BF8BD165B63AE00514347 /* homeBtn_Off@2x.png */,
				A89BF8BE165B63AE00514347 /* homeBtn_On@2x.png */,
				A89BF8BF165B63AE00514347 /* logOutBtn@2x.png */,
				A89BF8C0165B63AE00514347 /* nav@2x.png */,
				A89BF8C1165B63AE00514347 /* radio@2x.png */,
				A89BF8C2165B63AE00514347 /* radioS@2x.png */,
				A89BF8C3165B63AE00514347 /* rArrow@2x.png */,
				A89BF8C4165B63AE00514347 /* renewBtn@2x.png */,
				A89BF8C5165B63AE00514347 /* saveBtn@2x.png */,
				A89BF8C6165B63AE00514347 /* searchBtn_Off@2x.png */,
				A89BF8C7165B63AE00514347 /* searchBtn_On@2x.png */,
				A89BF8C8165B63AE00514347 /* Star@2x.png */,
				A89BF8C9165B63AE00514347 /* switchKnob@2x.png */,
				A89BF8CA165B63AE00514347 /* switchOff@2x.png */,
				A89BF8CB165B63AE00514347 /* switchOn@2x.png */,
				A89BF8CC165B63AE00514347 /* tabBar@2x.png */,
				A89BF8CD165B63AE00514347 /* Thumbs.db */,
			);
			path = "icon@2x";
			sourceTree = "<group>";
		};
		A89BF8CF165B63AE00514347 /* uiElement */ = {
			isa = PBXGroup;
			children = (
				A86B16781660F16400B86A3D /* darkbg.png */,
				A86B16791660F16400B86A3D /* lightbg.png */,
				A89BF8D0165B63AE00514347 /* backBtn.png */,
				A89BF8D1165B63AE00514347 /* background.png */,
				A89BF8D2165B63AE00514347 /* BookInfo */,
				A89BF8D8165B63AE00514347 /* dArrow.png */,
				A89BF8D9165B63AE00514347 /* homeBtn_Off.png */,
				A89BF8DA165B63AE00514347 /* homeBtn_On.png */,
				A89BF8DB165B63AE00514347 /* Library1.png */,
				A89BF8DC165B63AE00514347 /* logOutBtn.png */,
				A89BF8DD165B63AE00514347 /* nav.png */,
				A89BF8DE165B63AE00514347 /* radio.png */,
				A89BF8DF165B63AE00514347 /* radioS.png */,
				A89BF8E0165B63AE00514347 /* rArrow.png */,
				A89BF8E1165B63AE00514347 /* renewBtn.png */,
				A89BF8E2165B63AE00514347 /* saveBtn.png */,
				A89BF8E3165B63AE00514347 /* searchBtn_Off.png */,
				A89BF8E4165B63AE00514347 /* searchBtn_On.png */,
				A89BF8E5165B63AE00514347 /* switchKnob.png */,
				A89BF8E6165B63AE00514347 /* switchOff.png */,
				A89BF8E7165B63AE00514347 /* switchOn.png */,
				A89BF8E8165B63AE00514347 /* tabBar.png */,
				A89BF8E9165B63AE00514347 /* Thumbs.db */,
			);
			path = uiElement;
			sourceTree = "<group>";
		};
		A89BF8D2165B63AE00514347 /* BookInfo */ = {
			isa = PBXGroup;
			children = (
				A89BF8D3165B63AE00514347 /* bookStatusBtn.png */,
				A89BF8D4165B63AE00514347 /* halfStar.png */,
				A89BF8D5165B63AE00514347 /* moreDetail.png */,
				A89BF8D6165B63AE00514347 /* Star.png */,
				A89BF8D7165B63AE00514347 /* Thumbs.db */,
			);
			path = BookInfo;
			sourceTree = "<group>";
		};
		A89BF926165B816700514347 /* UIClasses */ = {
			isa = PBXGroup;
			children = (
				A8D413EC1668A5510040C2DA /* SVPullToRefresh.bundle */,
				A8D413EA1668A54A0040C2DA /* SVPullToRefresh.m */,
				A8D413E81668A5390040C2DA /* SVPullToRefresh.h */,
				A89BF927165B819100514347 /* RadioButton.h */,
				A89BF928165B819100514347 /* RadioButton.m */,
			);
			name = UIClasses;
			sourceTree = "<group>";
		};
		B0863115164B848C00451893 = {
			isa = PBXGroup;
			children = (
				A89BF926165B816700514347 /* UIClasses */,
				A88D4258165766C100D507D1 /* Resources */,
				A884FC48164F57850035E296 /* LIBClient */,
				B086312A164B848C00451893 /* iSYSU_Library */,
				B0863123164B848C00451893 /* Frameworks */,
				B0863121164B848C00451893 /* Products */,
			);
			sourceTree = "<group>";
		};
		B0863121164B848C00451893 /* Products */ = {
			isa = PBXGroup;
			children = (
				B0863120164B848C00451893 /* iSYSU_Library.app */,
			);
			name = Products;
			sourceTree = "<group>";
		};
		B0863123164B848C00451893 /* Frameworks */ = {
			isa = PBXGroup;
			children = (
				A8D413EE1668A76C0040C2DA /* QuartzCore.framework */,
				A884FC84164F5A5A0035E296 /* SystemConfiguration.framework */,
				A884FC82164F5A520035E296 /* libc.dylib */,
				A884FC80164F5A490035E296 /* CFNetwork.framework */,
				A884FC7E164F5A420035E296 /* libxml2.dylib */,
				A884FC86164F5A640035E296 /* libz.1.2.5.dylib */,
				A884FC88164F5A6E0035E296 /* MobileCoreServices.framework */,
				B0863124164B848C00451893 /* UIKit.framework */,
				B0863126164B848C00451893 /* Foundation.framework */,
				B0863128164B848C00451893 /* CoreGraphics.framework */,
			);
			name = Frameworks;
			sourceTree = "<group>";
		};
		B086312A164B848C00451893 /* iSYSU_Library */ = {
			isa = PBXGroup;
			children = (
				A86B164D1660E94800B86A3D /* LIBTIMEViewController.h */,
				A86B164E1660E94800B86A3D /* LIBTIMEViewController.m */,
				B0E82F4D164DFF40005E31AD /* LIBEmailViewController.h */,
				B0E82F4E164DFF40005E31AD /* LIBEmailViewController.m */,
				B0E82F44164DFEB2005E31AD /* LIBMyinfoViewController.h */,
				B0E82F45164DFEB2005E31AD /* LIBMyinfoViewController.m */,
				B0863133164B848C00451893 /* LIBAppDelegate.h */,
				B0863134164B848C00451893 /* LIBAppDelegate.m */,
				B0863136164B848C00451893 /* MainStoryboard.storyboard */,
				B0863139164B848C00451893 /* LIBSearchViewController.h */,
				B086313A164B848C00451893 /* LIBSearchViewController.m */,
				B086314D164BA58B00451893 /* LIBClient.h */,
				B086314E164BA58B00451893 /* LIBClient.m */,
				B0863142164B85E600451893 /* LIBDataManager.m */,
				B0863141164B85E600451893 /* LIBDataManager.h */,
				B0863148164B9BD200451893 /* LIBLogInViewController.h */,
				B0863149164B9BD200451893 /* LIBLogInViewController.m */,
				B0863150164BC2D300451893 /* LIBSearchResultViewController.h */,
				B0863151164BC2D300451893 /* LIBSearchResultViewController.m */,
				B086312B164B848C00451893 /* Supporting Files */,
				B0E82F4A164DFF21005E31AD /* LIBConfigureViewController.h */,
				B0E82F4B164DFF21005E31AD /* LIBConfigureViewController.m */,
				B0E82F50164DFF64005E31AD /* LIBPhoneViewController.h */,
				B0E82F51164DFF64005E31AD /* LIBPhoneViewController.m */,
				A8C168161650F8B20037C497 /* LIBBookViewController.h */,
				A8C168171650F8B20037C497 /* LIBBookViewController.m */,
				A871699216578EC800782778 /* LIBSetPSWViewController.h */,
				A871699316578EC800782778 /* LIBSetPSWViewController.m */,
				A89BF920165B67EC00514347 /* LIBMyBookCellView.xib */,
			);
			path = iSYSU_Library;
			sourceTree = "<group>";
		};
		B086312B164B848C00451893 /* Supporting Files */ = {
			isa = PBXGroup;
			children = (
				B086312C164B848C00451893 /* iSYSU_Library-Info.plist */,
				B086312D164B848C00451893 /* InfoPlist.strings */,
				B0863130164B848C00451893 /* main.m */,
				B0863132164B848C00451893 /* iSYSU_Library-Prefix.pch */,
			);
			name = "Supporting Files";
			sourceTree = "<group>";
		};
/* End PBXGroup section */

/* Begin PBXNativeTarget section */
		B086311F164B848C00451893 /* iSYSU_Library */ = {
			isa = PBXNativeTarget;
			buildConfigurationList = B086313E164B848C00451893 /* Build configuration list for PBXNativeTarget "iSYSU_Library" */;
			buildPhases = (
				B086311C164B848C00451893 /* Sources */,
				B086311D164B848C00451893 /* Frameworks */,
				B086311E164B848C00451893 /* Resources */,
			);
			buildRules = (
			);
			dependencies = (
			);
			name = iSYSU_Library;
			productName = iSYSU_Library;
			productReference = B0863120164B848C00451893 /* iSYSU_Library.app */;
			productType = "com.apple.product-type.application";
		};
/* End PBXNativeTarget section */

/* Begin PBXProject section */
		B0863117164B848C00451893 /* Project object */ = {
			isa = PBXProject;
			attributes = {
				LastUpgradeCheck = 0420;
				ORGANIZATIONNAME = "Sun Yat-sen University";
			};
			buildConfigurationList = B086311A164B848C00451893 /* Build configuration list for PBXProject "iSYSU_Library" */;
			compatibilityVersion = "Xcode 3.2";
			developmentRegion = English;
			hasScannedForEncodings = 0;
			knownRegions = (
				en,
				"zh-Hans",
			);
			mainGroup = B0863115164B848C00451893;
			productRefGroup = B0863121164B848C00451893 /* Products */;
			projectDirPath = "";
			projectRoot = "";
			targets = (
				B086311F164B848C00451893 /* iSYSU_Library */,
			);
		};
/* End PBXProject section */

/* Begin PBXResourcesBuildPhase section */
		B086311E164B848C00451893 /* Resources */ = {
			isa = PBXResourcesBuildPhase;
			buildActionMask = 2147483647;
			files = (
				B086312F164B848C00451893 /* InfoPlist.strings in Resources */,
				B0863138164B848C00451893 /* MainStoryboard.storyboard in Resources */,
				A88D427F165766C100D507D1 /* login.jpg in Resources */,
				A88D4280165766C100D507D1 /* myLib.jpg in Resources */,
				A88D4281165766C100D507D1 /* setting1-1.jpg in Resources */,
				A88D4282165766C100D507D1 /* setting1-2.jpg in Resources */,
				A88D4283165766C100D507D1 /* setting1-3.jpg in Resources */,
				A88D4284165766C100D507D1 /* setting1.jpg in Resources */,
				A88D4285165766C100D507D1 /* setting2.jpg in Resources */,
				A88D4286165766C100D507D1 /* Thumbs.db in Resources */,
				A88D4287165766C100D507D1 /* BookInfo.jpg in Resources */,
				A88D4288165766C100D507D1 /* BookInfo2.jpg in Resources */,
				A88D4289165766C100D507D1 /* result_s.jpg in Resources */,
				A88D428A165766C100D507D1 /* search.jpg in Resources */,
				A88D428B165766C100D507D1 /* Thumbs.db in Resources */,
				A88D428C165766C100D507D1 /* 馆藏信息.jpg in Resources */,
				A89BF8EA165B63AE00514347 /* icon.png in Resources */,
				A89BF8EB165B63AE00514347 /* backBtn@2x.png in Resources */,
				A89BF8EC165B63AE00514347 /* background@2x.png in Resources */,
				A89BF8ED165B63AE00514347 /* bookStatusBtn@2x.png in Resources */,
				A89BF8EE165B63AE00514347 /* dArrow@2x.png in Resources */,
				A89BF8EF165B63AE00514347 /* halfStar@2x.png in Resources */,
				A89BF8F0165B63AE00514347 /* homeBtn_Off@2x.png in Resources */,
				A89BF8F1165B63AE00514347 /* homeBtn_On@2x.png in Resources */,
				A89BF8F2165B63AE00514347 /* logOutBtn@2x.png in Resources */,
				A89BF8F3165B63AE00514347 /* nav@2x.png in Resources */,
				A89BF8F4165B63AE00514347 /* radio@2x.png in Resources */,
				A89BF8F5165B63AE00514347 /* radioS@2x.png in Resources */,
				A89BF8F6165B63AE00514347 /* rArrow@2x.png in Resources */,
				A89BF8F7165B63AE00514347 /* renewBtn@2x.png in Resources */,
				A89BF8F8165B63AE00514347 /* saveBtn@2x.png in Resources */,
				A89BF8F9165B63AE00514347 /* searchBtn_Off@2x.png in Resources */,
				A89BF8FA165B63AE00514347 /* searchBtn_On@2x.png in Resources */,
				A89BF8FB165B63AE00514347 /* Star@2x.png in Resources */,
				A89BF8FC165B63AE00514347 /* switchKnob@2x.png in Resources */,
				A89BF8FD165B63AE00514347 /* switchOff@2x.png in Resources */,
				A89BF8FE165B63AE00514347 /* switchOn@2x.png in Resources */,
				A89BF8FF165B63AE00514347 /* tabBar@2x.png in Resources */,
				A89BF900165B63AE00514347 /* Thumbs.db in Resources */,
				A89BF901165B63AE00514347 /* LibLOGO.png in Resources */,
				A89BF902165B63AE00514347 /* backBtn.png in Resources */,
				A89BF903165B63AE00514347 /* background.png in Resources */,
				A89BF904165B63AE00514347 /* bookStatusBtn.png in Resources */,
				A89BF905165B63AE00514347 /* halfStar.png in Resources */,
				A89BF906165B63AE00514347 /* moreDetail.png in Resources */,
				A89BF907165B63AE00514347 /* Star.png in Resources */,
				A89BF908165B63AE00514347 /* Thumbs.db in Resources */,
				A89BF909165B63AE00514347 /* dArrow.png in Resources */,
				A89BF90A165B63AE00514347 /* homeBtn_Off.png in Resources */,
				A89BF90B165B63AE00514347 /* homeBtn_On.png in Resources */,
				A89BF90C165B63AE00514347 /* Library1.png in Resources */,
				A89BF90D165B63AE00514347 /* logOutBtn.png in Resources */,
				A89BF90E165B63AE00514347 /* nav.png in Resources */,
				A89BF90F165B63AE00514347 /* radio.png in Resources */,
				A89BF910165B63AE00514347 /* radioS.png in Resources */,
				A89BF911165B63AE00514347 /* rArrow.png in Resources */,
				A89BF912165B63AE00514347 /* renewBtn.png in Resources */,
				A89BF913165B63AE00514347 /* saveBtn.png in Resources */,
				A89BF914165B63AE00514347 /* searchBtn_Off.png in Resources */,
				A89BF915165B63AE00514347 /* searchBtn_On.png in Resources */,
				A89BF916165B63AE00514347 /* switchKnob.png in Resources */,
				A89BF917165B63AE00514347 /* switchOff.png in Resources */,
				A89BF918165B63AE00514347 /* switchOn.png in Resources */,
				A89BF919165B63AE00514347 /* tabBar.png in Resources */,
				A89BF91A165B63AE00514347 /* Thumbs.db in Resources */,
				A89BF921165B67EC00514347 /* LIBMyBookCellView.xib in Resources */,
				A86B166C1660EF8100B86A3D /* accountSet.png in Resources */,
				A86B166D1660EF8100B86A3D /* accountSet@2x.png in Resources */,
				A86B166E1660EF8100B86A3D /* alarm.png in Resources */,
				A86B166F1660EF8100B86A3D /* alarm@2x.png in Resources */,
				A86B16701660EF8100B86A3D /* code.png in Resources */,
				A86B16711660EF8100B86A3D /* code@2x.png in Resources */,
				A86B16721660EF8100B86A3D /* email.png in Resources */,
				A86B16731660EF8100B86A3D /* email@2x.png in Resources */,
				A86B16741660EF8100B86A3D /* phonenum.png in Resources */,
				A86B16751660EF8100B86A3D /* phonenum@2x.png in Resources */,
				A86B16761660EF8100B86A3D /* Thumbs.db in Resources */,
				A86B167A1660F16400B86A3D /* darkbg.png in Resources */,
				A86B167B1660F16500B86A3D /* lightbg.png in Resources */,
				A86A95031661BE7800D5B20A /* alarmSetLine.png in Resources */,
				A86A95041661BE7800D5B20A /* alarmSetLine@2x.png in Resources */,
				A86A95071661CA4600D5B20A /* nav.png in Resources */,
				A86A4E681661F54E00513FA8 /* greenBox.png in Resources */,
				A8D413ED1668A5510040C2DA /* SVPullToRefresh.bundle in Resources */,
			);
			runOnlyForDeploymentPostprocessing = 0;
		};
/* End PBXResourcesBuildPhase section */

/* Begin PBXSourcesBuildPhase section */
		B086311C164B848C00451893 /* Sources */ = {
			isa = PBXSourcesBuildPhase;
			buildActionMask = 2147483647;
			files = (
				B0863131164B848C00451893 /* main.m in Sources */,
				B0863135164B848C00451893 /* LIBAppDelegate.m in Sources */,
				B086313B164B848C00451893 /* LIBSearchViewController.m in Sources */,
				B0863143164B85E600451893 /* LIBDataManager.m in Sources */,
				B086314B164B9BD200451893 /* LIBLogInViewController.m in Sources */,
				B086314F164BA58B00451893 /* LIBClient.m in Sources */,
				B0863153164BC2D400451893 /* LIBSearchResultViewController.m in Sources */,
				B0E82F46164DFEB2005E31AD /* LIBMyinfoViewController.m in Sources */,
				B0E82F4C164DFF21005E31AD /* LIBConfigureViewController.m in Sources */,
				B0E82F4F164DFF40005E31AD /* LIBEmailViewController.m in Sources */,
				B0E82F52164DFF64005E31AD /* LIBPhoneViewController.m in Sources */,
				A884FC6B164F584D0035E296 /* ASIAuthenticationDialog.m in Sources */,
				A884FC6C164F584D0035E296 /* ASIDataCompressor.m in Sources */,
				A884FC6D164F584D0035E296 /* ASIDataDecompressor.m in Sources */,
				A884FC6E164F584D0035E296 /* ASIDownloadCache.m in Sources */,
				A884FC6F164F584D0035E296 /* ASIFormDataRequest.m in Sources */,
				A884FC70164F584D0035E296 /* ASIHTTPRequest.m in Sources */,
				A884FC71164F584D0035E296 /* ASIInputStream.m in Sources */,
				A884FC72164F584D0035E296 /* ASINetworkQueue.m in Sources */,
				A884FC73164F584D0035E296 /* Reachability.m in Sources */,
				A884FC74164F584D0035E296 /* TFHpple.m in Sources */,
				A884FC75164F584D0035E296 /* TFHppleElement.m in Sources */,
				A884FC76164F584D0035E296 /* XPathQuery.m in Sources */,
				A884FC79164F58DE0035E296 /* User.m in Sources */,
				A8C168151650C47D0037C497 /* BorrowBooks.m in Sources */,
				A8C168191650F8B30037C497 /* LIBBookViewController.m in Sources */,
				A871699416578EC800782778 /* LIBSetPSWViewController.m in Sources */,
				A89BF929165B819100514347 /* RadioButton.m in Sources */,
				A86B164F1660E94800B86A3D /* LIBTIMEViewController.m in Sources */,
				A86A953D1661D30700D5B20A /* Book.m in Sources */,
				A86A953E1661D30700D5B20A /* BookManage.m in Sources */,
				A8D413EB1668A54A0040C2DA /* SVPullToRefresh.m in Sources */,
			);
			runOnlyForDeploymentPostprocessing = 0;
		};
/* End PBXSourcesBuildPhase section */

/* Begin PBXVariantGroup section */
		B086312D164B848C00451893 /* InfoPlist.strings */ = {
			isa = PBXVariantGroup;
			children = (
				B086312E164B848C00451893 /* en */,
			);
			name = InfoPlist.strings;
			sourceTree = "<group>";
		};
		B0863136164B848C00451893 /* MainStoryboard.storyboard */ = {
			isa = PBXVariantGroup;
			children = (
				B0863137164B848C00451893 /* en */,
			);
			name = MainStoryboard.storyboard;
			sourceTree = "<group>";
		};
/* End PBXVariantGroup section */

/* Begin XCBuildConfiguration section */
		B086313C164B848C00451893 /* Debug */ = {
			isa = XCBuildConfiguration;
			buildSettings = {
				ALWAYS_SEARCH_USER_PATHS = NO;
				ARCHS = "$(ARCHS_STANDARD_32_BIT)";
				CODE_SIGN_IDENTITY = "iPhone Developer";
				"CODE_SIGN_IDENTITY[sdk=iphoneos*]" = "iPhone Developer";
				COPY_PHASE_STRIP = NO;
				GCC_C_LANGUAGE_STANDARD = gnu99;
				GCC_DYNAMIC_NO_PIC = NO;
				GCC_OPTIMIZATION_LEVEL = 0;
				GCC_PREPROCESSOR_DEFINITIONS = (
					"DEBUG=1",
					"$(inherited)",
				);
				GCC_SYMBOLS_PRIVATE_EXTERN = NO;
				GCC_VERSION = com.apple.compilers.llvm.clang.1_0;
				GCC_WARN_ABOUT_MISSING_PROTOTYPES = YES;
				GCC_WARN_ABOUT_RETURN_TYPE = YES;
				GCC_WARN_UNUSED_VARIABLE = YES;
				IPHONEOS_DEPLOYMENT_TARGET = 5.0;
				PROVISIONING_PROFILE = "";
				SDKROOT = iphoneos;
			};
			name = Debug;
		};
		B086313D164B848C00451893 /* Release */ = {
			isa = XCBuildConfiguration;
			buildSettings = {
				ALWAYS_SEARCH_USER_PATHS = NO;
				ARCHS = "$(ARCHS_STANDARD_32_BIT)";
				CODE_SIGN_IDENTITY = "iPhone Distribution";
				"CODE_SIGN_IDENTITY[sdk=iphoneos*]" = "iPhone Distribution";
				COPY_PHASE_STRIP = YES;
				GCC_C_LANGUAGE_STANDARD = gnu99;
				GCC_VERSION = com.apple.compilers.llvm.clang.1_0;
				GCC_WARN_ABOUT_MISSING_PROTOTYPES = YES;
				GCC_WARN_ABOUT_RETURN_TYPE = YES;
				GCC_WARN_UNUSED_VARIABLE = YES;
				IPHONEOS_DEPLOYMENT_TARGET = 5.0;
				OTHER_CFLAGS = "-DNS_BLOCK_ASSERTIONS=1";
				PROVISIONING_PROFILE = "";
				"PROVISIONING_PROFILE[sdk=iphoneos*]" = "";
				SDKROOT = iphoneos;
				VALIDATE_PRODUCT = YES;
			};
			name = Release;
		};
		B086313F164B848C00451893 /* Debug */ = {
			isa = XCBuildConfiguration;
			buildSettings = {
				CLANG_ENABLE_OBJC_ARC = YES;
				CODE_SIGN_IDENTITY = "iPhone Developer";
				"CODE_SIGN_IDENTITY[sdk=iphoneos*]" = "iPhone Developer";
				GCC_PRECOMPILE_PREFIX_HEADER = YES;
				GCC_PREFIX_HEADER = "iSYSU_Library/iSYSU_Library-Prefix.pch";
				HEADER_SEARCH_PATHS = "${SDKROOT}/usr/include/libxml2/**";
				INFOPLIST_FILE = "iSYSU_Library/iSYSU_Library-Info.plist";
				IPHONEOS_DEPLOYMENT_TARGET = 5.0;
				OTHER_LDFLAGS = "-lxml2";
				PRODUCT_NAME = "$(TARGET_NAME)";
				PROVISIONING_PROFILE = "";
				"PROVISIONING_PROFILE[sdk=iphoneos*]" = "";
				SDKROOT = iphoneos;
				TARGETED_DEVICE_FAMILY = "1,2";
				WRAPPER_EXTENSION = app;
			};
			name = Debug;
		};
		B0863140164B848C00451893 /* Release */ = {
			isa = XCBuildConfiguration;
			buildSettings = {
				CLANG_ENABLE_OBJC_ARC = YES;
				CODE_SIGN_IDENTITY = "iPhone Developer";
				"CODE_SIGN_IDENTITY[sdk=iphoneos*]" = "iPhone Developer";
				GCC_PRECOMPILE_PREFIX_HEADER = YES;
				GCC_PREFIX_HEADER = "iSYSU_Library/iSYSU_Library-Prefix.pch";
				HEADER_SEARCH_PATHS = "${SDKROOT}/usr/include/libxml2/**";
				INFOPLIST_FILE = "iSYSU_Library/iSYSU_Library-Info.plist";
				IPHONEOS_DEPLOYMENT_TARGET = 5.0;
				OTHER_LDFLAGS = "-lxml2";
				PRODUCT_NAME = "$(TARGET_NAME)";
				PROVISIONING_PROFILE = "";
				"PROVISIONING_PROFILE[sdk=iphoneos*]" = "";
				SDKROOT = iphoneos;
				TARGETED_DEVICE_FAMILY = "1,2";
				WRAPPER_EXTENSION = app;
			};
			name = Release;
		};
/* End XCBuildConfiguration section */

/* Begin XCConfigurationList section */
		B086311A164B848C00451893 /* Build configuration list for PBXProject "iSYSU_Library" */ = {
			isa = XCConfigurationList;
			buildConfigurations = (
				B086313C164B848C00451893 /* Debug */,
				B086313D164B848C00451893 /* Release */,
			);
			defaultConfigurationIsVisible = 0;
			defaultConfigurationName = Release;
		};
		B086313E164B848C00451893 /* Build configuration list for PBXNativeTarget "iSYSU_Library" */ = {
			isa = XCConfigurationList;
			buildConfigurations = (
				B086313F164B848C00451893 /* Debug */,
				B0863140164B848C00451893 /* Release */,
			);
			defaultConfigurationIsVisible = 0;
			defaultConfigurationName = Release;
		};
/* End XCConfigurationList section */
	};
	rootObject = B0863117164B848C00451893 /* Project object */;
}
