// !$*UTF8*$!
{
	archiveVersion = 1;
	classes = {
	};
	objectVersion = 46;
	objects = {

/* Begin PBXBuildFile section */
		A8224D1316588C6300459149 /* LIBSetPSWViewController.m in Sources */ = {isa = PBXBuildFile; fileRef = A8224D1216588C6300459149 /* LIBSetPSWViewController.m */; };
		A8224D8416588EE300459149 /* login.jpg in Resources */ = {isa = PBXBuildFile; fileRef = A8224D5F16588EE300459149 /* login.jpg */; };
		A8224D8516588EE300459149 /* myLib.jpg in Resources */ = {isa = PBXBuildFile; fileRef = A8224D6016588EE300459149 /* myLib.jpg */; };
		A8224D8616588EE300459149 /* setting1-1.jpg in Resources */ = {isa = PBXBuildFile; fileRef = A8224D6116588EE300459149 /* setting1-1.jpg */; };
		A8224D8716588EE300459149 /* setting1-2.jpg in Resources */ = {isa = PBXBuildFile; fileRef = A8224D6216588EE300459149 /* setting1-2.jpg */; };
		A8224D8816588EE300459149 /* setting1-3.jpg in Resources */ = {isa = PBXBuildFile; fileRef = A8224D6316588EE300459149 /* setting1-3.jpg */; };
		A8224D8916588EE300459149 /* setting1.jpg in Resources */ = {isa = PBXBuildFile; fileRef = A8224D6416588EE300459149 /* setting1.jpg */; };
		A8224D8A16588EE300459149 /* setting2.jpg in Resources */ = {isa = PBXBuildFile; fileRef = A8224D6516588EE300459149 /* setting2.jpg */; };
		A8224D8B16588EE300459149 /* Thumbs.db in Resources */ = {isa = PBXBuildFile; fileRef = A8224D6616588EE300459149 /* Thumbs.db */; };
		A8224D8C16588EE300459149 /* BookInfo.jpg in Resources */ = {isa = PBXBuildFile; fileRef = A8224D6816588EE300459149 /* BookInfo.jpg */; };
		A8224D8D16588EE300459149 /* BookInfo2.jpg in Resources */ = {isa = PBXBuildFile; fileRef = A8224D6916588EE300459149 /* BookInfo2.jpg */; };
		A8224D8E16588EE300459149 /* result_s.jpg in Resources */ = {isa = PBXBuildFile; fileRef = A8224D6A16588EE300459149 /* result_s.jpg */; };
		A8224D8F16588EE300459149 /* search.jpg in Resources */ = {isa = PBXBuildFile; fileRef = A8224D6B16588EE300459149 /* search.jpg */; };
		A8224D9016588EE300459149 /* Thumbs.db in Resources */ = {isa = PBXBuildFile; fileRef = A8224D6C16588EE300459149 /* Thumbs.db */; };
		A8224D9116588EE300459149 /* 馆藏信息.jpg in Resources */ = {isa = PBXBuildFile; fileRef = A8224D6D16588EE300459149 /* 馆藏信息.jpg */; };
		A8224D9216588EE300459149 /* backBtn.png in Resources */ = {isa = PBXBuildFile; fileRef = A8224D6F16588EE300459149 /* backBtn.png */; };
		A8224D9316588EE300459149 /* background.png in Resources */ = {isa = PBXBuildFile; fileRef = A8224D7016588EE300459149 /* background.png */; };
		A8224D9416588EE300459149 /* BookInfo_11.gif in Resources */ = {isa = PBXBuildFile; fileRef = A8224D7216588EE300459149 /* BookInfo_11.gif */; };
		A8224D9516588EE300459149 /* halfStar.png in Resources */ = {isa = PBXBuildFile; fileRef = A8224D7316588EE300459149 /* halfStar.png */; };
		A8224D9616588EE300459149 /* moreDetail.png in Resources */ = {isa = PBXBuildFile; fileRef = A8224D7416588EE300459149 /* moreDetail.png */; };
		A8224D9716588EE300459149 /* Star.png in Resources */ = {isa = PBXBuildFile; fileRef = A8224D7516588EE300459149 /* Star.png */; };
		A8224D9816588EE300459149 /* Thumbs.db in Resources */ = {isa = PBXBuildFile; fileRef = A8224D7616588EE300459149 /* Thumbs.db */; };
		A8224D9916588EE300459149 /* homeBtn_Off.png in Resources */ = {isa = PBXBuildFile; fileRef = A8224D7716588EE300459149 /* homeBtn_Off.png */; };
		A8224D9A16588EE300459149 /* homeBtn_On.png in Resources */ = {isa = PBXBuildFile; fileRef = A8224D7816588EE300459149 /* homeBtn_On.png */; };
		A8224D9B16588EE300459149 /* Library1.png in Resources */ = {isa = PBXBuildFile; fileRef = A8224D7916588EE300459149 /* Library1.png */; };
		A8224D9C16588EE300459149 /* logOutBtn.png in Resources */ = {isa = PBXBuildFile; fileRef = A8224D7A16588EE300459149 /* logOutBtn.png */; };
		A8224D9D16588EE300459149 /* nav.png in Resources */ = {isa = PBXBuildFile; fileRef = A8224D7B16588EE300459149 /* nav.png */; };
		A8224D9E16588EE300459149 /* saveBtn.png in Resources */ = {isa = PBXBuildFile; fileRef = A8224D7C16588EE300459149 /* saveBtn.png */; };
		A8224D9F16588EE300459149 /* searchBtn_Off.png in Resources */ = {isa = PBXBuildFile; fileRef = A8224D7D16588EE300459149 /* searchBtn_Off.png */; };
		A8224DA016588EE300459149 /* searchBtn_On.png in Resources */ = {isa = PBXBuildFile; fileRef = A8224D7E16588EE300459149 /* searchBtn_On.png */; };
		A8224DA116588EE300459149 /* switchKnob.png in Resources */ = {isa = PBXBuildFile; fileRef = A8224D7F16588EE300459149 /* switchKnob.png */; };
		A8224DA216588EE300459149 /* switchOff.png in Resources */ = {isa = PBXBuildFile; fileRef = A8224D8016588EE300459149 /* switchOff.png */; };
		A8224DA316588EE300459149 /* switchOn.png in Resources */ = {isa = PBXBuildFile; fileRef = A8224D8116588EE300459149 /* switchOn.png */; };
		A8224DA416588EE300459149 /* tabBar.png in Resources */ = {isa = PBXBuildFile; fileRef = A8224D8216588EE300459149 /* tabBar.png */; };
		A8224DA516588EE300459149 /* Thumbs.db in Resources */ = {isa = PBXBuildFile; fileRef = A8224D8316588EE300459149 /* Thumbs.db */; };
		A8224DAE16588FA600459149 /* LIBEmailViewController.m in Sources */ = {isa = PBXBuildFile; fileRef = A8224DAB16588FA600459149 /* LIBEmailViewController.m */; };
		A8224DAF16588FA600459149 /* LIBMyinfoViewController.m in Sources */ = {isa = PBXBuildFile; fileRef = A8224DAD16588FA600459149 /* LIBMyinfoViewController.m */; };
		A8224DBE16588FC800459149 /* Book.m in Sources */ = {isa = PBXBuildFile; fileRef = A8224DB316588FC800459149 /* Book.m */; };
		A8224DBF16588FC800459149 /* BorrowBooks.m in Sources */ = {isa = PBXBuildFile; fileRef = A8224DB516588FC800459149 /* BorrowBooks.m */; };
		A8224DC016588FC800459149 /* TFHpple.m in Sources */ = {isa = PBXBuildFile; fileRef = A8224DB716588FC800459149 /* TFHpple.m */; settings = {COMPILER_FLAGS = "-fno-objc-arc"; }; };
		A8224DC116588FC800459149 /* TFHppleElement.m in Sources */ = {isa = PBXBuildFile; fileRef = A8224DB916588FC800459149 /* TFHppleElement.m */; settings = {COMPILER_FLAGS = "-fno-objc-arc"; }; };
		A8224DC216588FC800459149 /* User.m in Sources */ = {isa = PBXBuildFile; fileRef = A8224DBB16588FC800459149 /* User.m */; };
		A8224DC316588FC800459149 /* XPathQuery.m in Sources */ = {isa = PBXBuildFile; fileRef = A8224DBD16588FC800459149 /* XPathQuery.m */; settings = {COMPILER_FLAGS = "-fno-objc-arc"; }; };
		A8224DDC16588FDE00459149 /* ASIAuthenticationDialog.m in Sources */ = {isa = PBXBuildFile; fileRef = A8224DC616588FDE00459149 /* ASIAuthenticationDialog.m */; settings = {COMPILER_FLAGS = "-fno-objc-arc"; }; };
		A8224DDD16588FDE00459149 /* ASIDataCompressor.m in Sources */ = {isa = PBXBuildFile; fileRef = A8224DC916588FDE00459149 /* ASIDataCompressor.m */; settings = {COMPILER_FLAGS = "-fno-objc-arc"; }; };
		A8224DDE16588FDE00459149 /* ASIDataDecompressor.m in Sources */ = {isa = PBXBuildFile; fileRef = A8224DCB16588FDE00459149 /* ASIDataDecompressor.m */; settings = {COMPILER_FLAGS = "-fno-objc-arc"; }; };
		A8224DDF16588FDE00459149 /* ASIDownloadCache.m in Sources */ = {isa = PBXBuildFile; fileRef = A8224DCD16588FDE00459149 /* ASIDownloadCache.m */; settings = {COMPILER_FLAGS = "-fno-objc-arc"; }; };
		A8224DE016588FDE00459149 /* ASIFormDataRequest.m in Sources */ = {isa = PBXBuildFile; fileRef = A8224DCF16588FDE00459149 /* ASIFormDataRequest.m */; settings = {COMPILER_FLAGS = "-fno-objc-arc"; }; };
		A8224DE116588FDE00459149 /* ASIHTTPRequest.m in Sources */ = {isa = PBXBuildFile; fileRef = A8224DD116588FDE00459149 /* ASIHTTPRequest.m */; settings = {COMPILER_FLAGS = "-fno-objc-arc"; }; };
		A8224DE216588FDE00459149 /* ASIInputStream.m in Sources */ = {isa = PBXBuildFile; fileRef = A8224DD516588FDE00459149 /* ASIInputStream.m */; settings = {COMPILER_FLAGS = "-fno-objc-arc"; }; };
		A8224DE316588FDE00459149 /* ASINetworkQueue.m in Sources */ = {isa = PBXBuildFile; fileRef = A8224DD716588FDE00459149 /* ASINetworkQueue.m */; settings = {COMPILER_FLAGS = "-fno-objc-arc"; }; };
		A8224DE416588FDE00459149 /* Reachability.m in Sources */ = {isa = PBXBuildFile; fileRef = A8224DDB16588FDE00459149 /* Reachability.m */; settings = {COMPILER_FLAGS = "-fno-objc-arc"; }; };
		A884FC7F164F5A420035E296 /* libxml2.dylib in Frameworks */ = {isa = PBXBuildFile; fileRef = A884FC7E164F5A420035E296 /* libxml2.dylib */; };
		A884FC81164F5A490035E296 /* CFNetwork.framework in Frameworks */ = {isa = PBXBuildFile; fileRef = A884FC80164F5A490035E296 /* CFNetwork.framework */; };
		A884FC83164F5A520035E296 /* libc.dylib in Frameworks */ = {isa = PBXBuildFile; fileRef = A884FC82164F5A520035E296 /* libc.dylib */; };
		A884FC85164F5A5A0035E296 /* SystemConfiguration.framework in Frameworks */ = {isa = PBXBuildFile; fileRef = A884FC84164F5A5A0035E296 /* SystemConfiguration.framework */; };
		A884FC87164F5A640035E296 /* libz.1.2.5.dylib in Frameworks */ = {isa = PBXBuildFile; fileRef = A884FC86164F5A640035E296 /* libz.1.2.5.dylib */; };
		A884FC89164F5A6E0035E296 /* MobileCoreServices.framework in Frameworks */ = {isa = PBXBuildFile; fileRef = A884FC88164F5A6E0035E296 /* MobileCoreServices.framework */; };
		A8C168191650F8B30037C497 /* LIBBookViewController.m in Sources */ = {isa = PBXBuildFile; fileRef = A8C168171650F8B20037C497 /* LIBBookViewController.m */; };
		A8D22C3B165A19A1007F45AF /* radio.png in Resources */ = {isa = PBXBuildFile; fileRef = A8D22C35165A19A1007F45AF /* radio.png */; };
		A8D22C3C165A19A1007F45AF /* radio@2x.png in Resources */ = {isa = PBXBuildFile; fileRef = A8D22C36165A19A1007F45AF /* radio@2x.png */; };
		A8D22C3D165A19A1007F45AF /* radioS.png in Resources */ = {isa = PBXBuildFile; fileRef = A8D22C37165A19A1007F45AF /* radioS.png */; };
		A8D22C3E165A19A1007F45AF /* radioS@2x.png in Resources */ = {isa = PBXBuildFile; fileRef = A8D22C38165A19A1007F45AF /* radioS@2x.png */; };
		A8D22C3F165A19A1007F45AF /* rArrow.png in Resources */ = {isa = PBXBuildFile; fileRef = A8D22C39165A19A1007F45AF /* rArrow.png */; };
		A8D22C40165A19A1007F45AF /* rArrow@2x.png in Resources */ = {isa = PBXBuildFile; fileRef = A8D22C3A165A19A1007F45AF /* rArrow@2x.png */; };
		A8D22C43165A25A0007F45AF /* renewBtn.png in Resources */ = {isa = PBXBuildFile; fileRef = A8D22C41165A25A0007F45AF /* renewBtn.png */; };
		A8D22C44165A25A0007F45AF /* renewBtn@2x.png in Resources */ = {isa = PBXBuildFile; fileRef = A8D22C42165A25A0007F45AF /* renewBtn@2x.png */; };
		B0863125164B848C00451893 /* UIKit.framework in Frameworks */ = {isa = PBXBuildFile; fileRef = B0863124164B848C00451893 /* UIKit.framework */; };
		B0863127164B848C00451893 /* Foundation.framework in Frameworks */ = {isa = PBXBuildFile; fileRef = B0863126164B848C00451893 /* Foundation.framework */; };
		B0863129164B848C00451893 /* CoreGraphics.framework in Frameworks */ = {isa = PBXBuildFile; fileRef = B0863128164B848C00451893 /* CoreGraphics.framework */; };
		B086312F164B848C00451893 /* InfoPlist.strings in Resources */ = {isa = PBXBuildFile; fileRef = B086312D164B848C00451893 /* InfoPlist.strings */; };
		B0863131164B848C00451893 /* main.m in Sources */ = {isa = PBXBuildFile; fileRef = B0863130164B848C00451893 /* main.m */; };
		B0863135164B848C00451893 /* LIBAppDelegate.m in Sources */ = {isa = PBXBuildFile; fileRef = B0863134164B848C00451893 /* LIBAppDelegate.m */; };
		B0863138164B848C00451893 /* MainStoryboard.storyboard in Resources */ = {isa = PBXBuildFile; fileRef = B0863136164B848C00451893 /* MainStoryboard.storyboard */; };
		B086313B164B848C00451893 /* LIBSearchViewController.m in Sources */ = {isa = PBXBuildFile; fileRef = B086313A164B848C00451893 /* LIBSearchViewController.m */; };
		B0863143164B85E600451893 /* LIBDataManager.m in Sources */ = {isa = PBXBuildFile; fileRef = B0863142164B85E600451893 /* LIBDataManager.m */; };
		B086314B164B9BD200451893 /* LIBLogInViewController.m in Sources */ = {isa = PBXBuildFile; fileRef = B0863149164B9BD200451893 /* LIBLogInViewController.m */; };
		B086314F164BA58B00451893 /* LIBClient.m in Sources */ = {isa = PBXBuildFile; fileRef = B086314E164BA58B00451893 /* LIBClient.m */; };
		B0863153164BC2D400451893 /* LIBSearchResultViewController.m in Sources */ = {isa = PBXBuildFile; fileRef = B0863151164BC2D300451893 /* LIBSearchResultViewController.m */; };
		B0E82F4C164DFF21005E31AD /* LIBConfigureViewController.m in Sources */ = {isa = PBXBuildFile; fileRef = B0E82F4B164DFF21005E31AD /* LIBConfigureViewController.m */; };
		B0E82F52164DFF64005E31AD /* LIBPhoneViewController.m in Sources */ = {isa = PBXBuildFile; fileRef = B0E82F51164DFF64005E31AD /* LIBPhoneViewController.m */; };
		B0E82F55164E006F005E31AD /* LIBRemindViewController.m in Sources */ = {isa = PBXBuildFile; fileRef = B0E82F54164E006F005E31AD /* LIBRemindViewController.m */; };
/* End PBXBuildFile section */

/* Begin PBXFileReference section */
		A8224D1116588C6300459149 /* LIBSetPSWViewController.h */ = {isa = PBXFileReference; fileEncoding = 4; lastKnownFileType = sourcecode.c.h; path = LIBSetPSWViewController.h; sourceTree = "<group>"; };
		A8224D1216588C6300459149 /* LIBSetPSWViewController.m */ = {isa = PBXFileReference; fileEncoding = 4; lastKnownFileType = sourcecode.c.objc; path = LIBSetPSWViewController.m; sourceTree = "<group>"; };
		A8224D5F16588EE300459149 /* login.jpg */ = {isa = PBXFileReference; lastKnownFileType = image.jpeg; path = login.jpg; sourceTree = "<group>"; };
		A8224D6016588EE300459149 /* myLib.jpg */ = {isa = PBXFileReference; lastKnownFileType = image.jpeg; path = myLib.jpg; sourceTree = "<group>"; };
		A8224D6116588EE300459149 /* setting1-1.jpg */ = {isa = PBXFileReference; lastKnownFileType = image.jpeg; path = "setting1-1.jpg"; sourceTree = "<group>"; };
		A8224D6216588EE300459149 /* setting1-2.jpg */ = {isa = PBXFileReference; lastKnownFileType = image.jpeg; path = "setting1-2.jpg"; sourceTree = "<group>"; };
		A8224D6316588EE300459149 /* setting1-3.jpg */ = {isa = PBXFileReference; lastKnownFileType = image.jpeg; path = "setting1-3.jpg"; sourceTree = "<group>"; };
		A8224D6416588EE300459149 /* setting1.jpg */ = {isa = PBXFileReference; lastKnownFileType = image.jpeg; path = setting1.jpg; sourceTree = "<group>"; };
		A8224D6516588EE300459149 /* setting2.jpg */ = {isa = PBXFileReference; lastKnownFileType = image.jpeg; path = setting2.jpg; sourceTree = "<group>"; };
		A8224D6616588EE300459149 /* Thumbs.db */ = {isa = PBXFileReference; lastKnownFileType = file; path = Thumbs.db; sourceTree = "<group>"; };
		A8224D6816588EE300459149 /* BookInfo.jpg */ = {isa = PBXFileReference; lastKnownFileType = image.jpeg; path = BookInfo.jpg; sourceTree = "<group>"; };
		A8224D6916588EE300459149 /* BookInfo2.jpg */ = {isa = PBXFileReference; lastKnownFileType = image.jpeg; path = BookInfo2.jpg; sourceTree = "<group>"; };
		A8224D6A16588EE300459149 /* result_s.jpg */ = {isa = PBXFileReference; lastKnownFileType = image.jpeg; path = result_s.jpg; sourceTree = "<group>"; };
		A8224D6B16588EE300459149 /* search.jpg */ = {isa = PBXFileReference; lastKnownFileType = image.jpeg; path = search.jpg; sourceTree = "<group>"; };
		A8224D6C16588EE300459149 /* Thumbs.db */ = {isa = PBXFileReference; lastKnownFileType = file; path = Thumbs.db; sourceTree = "<group>"; };
		A8224D6D16588EE300459149 /* 馆藏信息.jpg */ = {isa = PBXFileReference; lastKnownFileType = image.jpeg; path = "馆藏信息.jpg"; sourceTree = "<group>"; };
		A8224D6F16588EE300459149 /* backBtn.png */ = {isa = PBXFileReference; lastKnownFileType = image.png; path = backBtn.png; sourceTree = "<group>"; };
		A8224D7016588EE300459149 /* background.png */ = {isa = PBXFileReference; lastKnownFileType = image.png; path = background.png; sourceTree = "<group>"; };
		A8224D7216588EE300459149 /* BookInfo_11.gif */ = {isa = PBXFileReference; lastKnownFileType = image.gif; path = BookInfo_11.gif; sourceTree = "<group>"; };
		A8224D7316588EE300459149 /* halfStar.png */ = {isa = PBXFileReference; lastKnownFileType = image.png; path = halfStar.png; sourceTree = "<group>"; };
		A8224D7416588EE300459149 /* moreDetail.png */ = {isa = PBXFileReference; lastKnownFileType = image.png; path = moreDetail.png; sourceTree = "<group>"; };
		A8224D7516588EE300459149 /* Star.png */ = {isa = PBXFileReference; lastKnownFileType = image.png; path = Star.png; sourceTree = "<group>"; };
		A8224D7616588EE300459149 /* Thumbs.db */ = {isa = PBXFileReference; lastKnownFileType = file; path = Thumbs.db; sourceTree = "<group>"; };
		A8224D7716588EE300459149 /* homeBtn_Off.png */ = {isa = PBXFileReference; lastKnownFileType = image.png; path = homeBtn_Off.png; sourceTree = "<group>"; };
		A8224D7816588EE300459149 /* homeBtn_On.png */ = {isa = PBXFileReference; lastKnownFileType = image.png; path = homeBtn_On.png; sourceTree = "<group>"; };
		A8224D7916588EE300459149 /* Library1.png */ = {isa = PBXFileReference; lastKnownFileType = image.png; path = Library1.png; sourceTree = "<group>"; };
		A8224D7A16588EE300459149 /* logOutBtn.png */ = {isa = PBXFileReference; lastKnownFileType = image.png; path = logOutBtn.png; sourceTree = "<group>"; };
		A8224D7B16588EE300459149 /* nav.png */ = {isa = PBXFileReference; lastKnownFileType = image.png; path = nav.png; sourceTree = "<group>"; };
		A8224D7C16588EE300459149 /* saveBtn.png */ = {isa = PBXFileReference; lastKnownFileType = image.png; path = saveBtn.png; sourceTree = "<group>"; };
		A8224D7D16588EE300459149 /* searchBtn_Off.png */ = {isa = PBXFileReference; lastKnownFileType = image.png; path = searchBtn_Off.png; sourceTree = "<group>"; };
		A8224D7E16588EE300459149 /* searchBtn_On.png */ = {isa = PBXFileReference; lastKnownFileType = image.png; path = searchBtn_On.png; sourceTree = "<group>"; };
		A8224D7F16588EE300459149 /* switchKnob.png */ = {isa = PBXFileReference; lastKnownFileType = image.png; path = switchKnob.png; sourceTree = "<group>"; };
		A8224D8016588EE300459149 /* switchOff.png */ = {isa = PBXFileReference; lastKnownFileType = image.png; path = switchOff.png; sourceTree = "<group>"; };
		A8224D8116588EE300459149 /* switchOn.png */ = {isa = PBXFileReference; lastKnownFileType = image.png; path = switchOn.png; sourceTree = "<group>"; };
		A8224D8216588EE300459149 /* tabBar.png */ = {isa = PBXFileReference; lastKnownFileType = image.png; path = tabBar.png; sourceTree = "<group>"; };
		A8224D8316588EE300459149 /* Thumbs.db */ = {isa = PBXFileReference; lastKnownFileType = file; path = Thumbs.db; sourceTree = "<group>"; };
		A8224DAA16588FA600459149 /* LIBEmailViewController.h */ = {isa = PBXFileReference; fileEncoding = 4; lastKnownFileType = sourcecode.c.h; path = LIBEmailViewController.h; sourceTree = "<group>"; };
		A8224DAB16588FA600459149 /* LIBEmailViewController.m */ = {isa = PBXFileReference; fileEncoding = 4; lastKnownFileType = sourcecode.c.objc; path = LIBEmailViewController.m; sourceTree = "<group>"; };
		A8224DAC16588FA600459149 /* LIBMyinfoViewController.h */ = {isa = PBXFileReference; fileEncoding = 4; lastKnownFileType = sourcecode.c.h; path = LIBMyinfoViewController.h; sourceTree = "<group>"; };
		A8224DAD16588FA600459149 /* LIBMyinfoViewController.m */ = {isa = PBXFileReference; fileEncoding = 4; lastKnownFileType = sourcecode.c.objc; path = LIBMyinfoViewController.m; sourceTree = "<group>"; };
		A8224DB216588FC800459149 /* Book.h */ = {isa = PBXFileReference; fileEncoding = 4; lastKnownFileType = sourcecode.c.h; path = Book.h; sourceTree = "<group>"; };
		A8224DB316588FC800459149 /* Book.m */ = {isa = PBXFileReference; fileEncoding = 4; lastKnownFileType = sourcecode.c.objc; path = Book.m; sourceTree = "<group>"; };
		A8224DB416588FC800459149 /* BorrowBooks.h */ = {isa = PBXFileReference; fileEncoding = 4; lastKnownFileType = sourcecode.c.h; path = BorrowBooks.h; sourceTree = "<group>"; };
		A8224DB516588FC800459149 /* BorrowBooks.m */ = {isa = PBXFileReference; fileEncoding = 4; lastKnownFileType = sourcecode.c.objc; path = BorrowBooks.m; sourceTree = "<group>"; };
		A8224DB616588FC800459149 /* TFHpple.h */ = {isa = PBXFileReference; fileEncoding = 4; lastKnownFileType = sourcecode.c.h; path = TFHpple.h; sourceTree = "<group>"; };
		A8224DB716588FC800459149 /* TFHpple.m */ = {isa = PBXFileReference; fileEncoding = 4; lastKnownFileType = sourcecode.c.objc; path = TFHpple.m; sourceTree = "<group>"; };
		A8224DB816588FC800459149 /* TFHppleElement.h */ = {isa = PBXFileReference; fileEncoding = 4; lastKnownFileType = sourcecode.c.h; path = TFHppleElement.h; sourceTree = "<group>"; };
		A8224DB916588FC800459149 /* TFHppleElement.m */ = {isa = PBXFileReference; fileEncoding = 4; lastKnownFileType = sourcecode.c.objc; path = TFHppleElement.m; sourceTree = "<group>"; };
		A8224DBA16588FC800459149 /* User.h */ = {isa = PBXFileReference; fileEncoding = 4; lastKnownFileType = sourcecode.c.h; path = User.h; sourceTree = "<group>"; };
		A8224DBB16588FC800459149 /* User.m */ = {isa = PBXFileReference; fileEncoding = 4; lastKnownFileType = sourcecode.c.objc; path = User.m; sourceTree = "<group>"; };
		A8224DBC16588FC800459149 /* XPathQuery.h */ = {isa = PBXFileReference; fileEncoding = 4; lastKnownFileType = sourcecode.c.h; path = XPathQuery.h; sourceTree = "<group>"; };
		A8224DBD16588FC800459149 /* XPathQuery.m */ = {isa = PBXFileReference; fileEncoding = 4; lastKnownFileType = sourcecode.c.objc; path = XPathQuery.m; sourceTree = "<group>"; };
		A8224DC516588FDE00459149 /* ASIAuthenticationDialog.h */ = {isa = PBXFileReference; fileEncoding = 4; lastKnownFileType = sourcecode.c.h; path = ASIAuthenticationDialog.h; sourceTree = "<group>"; };
		A8224DC616588FDE00459149 /* ASIAuthenticationDialog.m */ = {isa = PBXFileReference; fileEncoding = 4; lastKnownFileType = sourcecode.c.objc; path = ASIAuthenticationDialog.m; sourceTree = "<group>"; };
		A8224DC716588FDE00459149 /* ASICacheDelegate.h */ = {isa = PBXFileReference; fileEncoding = 4; lastKnownFileType = sourcecode.c.h; path = ASICacheDelegate.h; sourceTree = "<group>"; };
		A8224DC816588FDE00459149 /* ASIDataCompressor.h */ = {isa = PBXFileReference; fileEncoding = 4; lastKnownFileType = sourcecode.c.h; path = ASIDataCompressor.h; sourceTree = "<group>"; };
		A8224DC916588FDE00459149 /* ASIDataCompressor.m */ = {isa = PBXFileReference; fileEncoding = 4; lastKnownFileType = sourcecode.c.objc; path = ASIDataCompressor.m; sourceTree = "<group>"; };
		A8224DCA16588FDE00459149 /* ASIDataDecompressor.h */ = {isa = PBXFileReference; fileEncoding = 4; lastKnownFileType = sourcecode.c.h; path = ASIDataDecompressor.h; sourceTree = "<group>"; };
		A8224DCB16588FDE00459149 /* ASIDataDecompressor.m */ = {isa = PBXFileReference; fileEncoding = 4; lastKnownFileType = sourcecode.c.objc; path = ASIDataDecompressor.m; sourceTree = "<group>"; };
		A8224DCC16588FDE00459149 /* ASIDownloadCache.h */ = {isa = PBXFileReference; fileEncoding = 4; lastKnownFileType = sourcecode.c.h; path = ASIDownloadCache.h; sourceTree = "<group>"; };
		A8224DCD16588FDE00459149 /* ASIDownloadCache.m */ = {isa = PBXFileReference; fileEncoding = 4; lastKnownFileType = sourcecode.c.objc; path = ASIDownloadCache.m; sourceTree = "<group>"; };
		A8224DCE16588FDE00459149 /* ASIFormDataRequest.h */ = {isa = PBXFileReference; fileEncoding = 4; lastKnownFileType = sourcecode.c.h; path = ASIFormDataRequest.h; sourceTree = "<group>"; };
		A8224DCF16588FDE00459149 /* ASIFormDataRequest.m */ = {isa = PBXFileReference; fileEncoding = 4; lastKnownFileType = sourcecode.c.objc; path = ASIFormDataRequest.m; sourceTree = "<group>"; };
		A8224DD016588FDE00459149 /* ASIHTTPRequest.h */ = {isa = PBXFileReference; fileEncoding = 4; lastKnownFileType = sourcecode.c.h; path = ASIHTTPRequest.h; sourceTree = "<group>"; };
		A8224DD116588FDE00459149 /* ASIHTTPRequest.m */ = {isa = PBXFileReference; fileEncoding = 4; lastKnownFileType = sourcecode.c.objc; path = ASIHTTPRequest.m; sourceTree = "<group>"; };
		A8224DD216588FDE00459149 /* ASIHTTPRequestConfig.h */ = {isa = PBXFileReference; fileEncoding = 4; lastKnownFileType = sourcecode.c.h; path = ASIHTTPRequestConfig.h; sourceTree = "<group>"; };
		A8224DD316588FDE00459149 /* ASIHTTPRequestDelegate.h */ = {isa = PBXFileReference; fileEncoding = 4; lastKnownFileType = sourcecode.c.h; path = ASIHTTPRequestDelegate.h; sourceTree = "<group>"; };
		A8224DD416588FDE00459149 /* ASIInputStream.h */ = {isa = PBXFileReference; fileEncoding = 4; lastKnownFileType = sourcecode.c.h; path = ASIInputStream.h; sourceTree = "<group>"; };
		A8224DD516588FDE00459149 /* ASIInputStream.m */ = {isa = PBXFileReference; fileEncoding = 4; lastKnownFileType = sourcecode.c.objc; path = ASIInputStream.m; sourceTree = "<group>"; };
		A8224DD616588FDE00459149 /* ASINetworkQueue.h */ = {isa = PBXFileReference; fileEncoding = 4; lastKnownFileType = sourcecode.c.h; path = ASINetworkQueue.h; sourceTree = "<group>"; };
		A8224DD716588FDE00459149 /* ASINetworkQueue.m */ = {isa = PBXFileReference; fileEncoding = 4; lastKnownFileType = sourcecode.c.objc; path = ASINetworkQueue.m; sourceTree = "<group>"; };
		A8224DD816588FDE00459149 /* ASIProgressDelegate.h */ = {isa = PBXFileReference; fileEncoding = 4; lastKnownFileType = sourcecode.c.h; path = ASIProgressDelegate.h; sourceTree = "<group>"; };
		A8224DDA16588FDE00459149 /* Reachability.h */ = {isa = PBXFileReference; fileEncoding = 4; lastKnownFileType = sourcecode.c.h; path = Reachability.h; sourceTree = "<group>"; };
		A8224DDB16588FDE00459149 /* Reachability.m */ = {isa = PBXFileReference; fileEncoding = 4; lastKnownFileType = sourcecode.c.objc; path = Reachability.m; sourceTree = "<group>"; };
		A884FC7E164F5A420035E296 /* libxml2.dylib */ = {isa = PBXFileReference; lastKnownFileType = "compiled.mach-o.dylib"; name = libxml2.dylib; path = usr/lib/libxml2.dylib; sourceTree = SDKROOT; };
		A884FC80164F5A490035E296 /* CFNetwork.framework */ = {isa = PBXFileReference; lastKnownFileType = wrapper.framework; name = CFNetwork.framework; path = System/Library/Frameworks/CFNetwork.framework; sourceTree = SDKROOT; };
		A884FC82164F5A520035E296 /* libc.dylib */ = {isa = PBXFileReference; lastKnownFileType = "compiled.mach-o.dylib"; name = libc.dylib; path = usr/lib/libc.dylib; sourceTree = SDKROOT; };
		A884FC84164F5A5A0035E296 /* SystemConfiguration.framework */ = {isa = PBXFileReference; lastKnownFileType = wrapper.framework; name = SystemConfiguration.framework; path = System/Library/Frameworks/SystemConfiguration.framework; sourceTree = SDKROOT; };
		A884FC86164F5A640035E296 /* libz.1.2.5.dylib */ = {isa = PBXFileReference; lastKnownFileType = "compiled.mach-o.dylib"; name = libz.1.2.5.dylib; path = usr/lib/libz.1.2.5.dylib; sourceTree = SDKROOT; };
		A884FC88164F5A6E0035E296 /* MobileCoreServices.framework */ = {isa = PBXFileReference; lastKnownFileType = wrapper.framework; name = MobileCoreServices.framework; path = System/Library/Frameworks/MobileCoreServices.framework; sourceTree = SDKROOT; };
		A8C168161650F8B20037C497 /* LIBBookViewController.h */ = {isa = PBXFileReference; fileEncoding = 4; lastKnownFileType = sourcecode.c.h; path = LIBBookViewController.h; sourceTree = "<group>"; };
		A8C168171650F8B20037C497 /* LIBBookViewController.m */ = {isa = PBXFileReference; fileEncoding = 4; lastKnownFileType = sourcecode.c.objc; path = LIBBookViewController.m; sourceTree = "<group>"; };
		A8D22C35165A19A1007F45AF /* radio.png */ = {isa = PBXFileReference; lastKnownFileType = image.png; path = radio.png; sourceTree = "<group>"; };
		A8D22C36165A19A1007F45AF /* radio@2x.png */ = {isa = PBXFileReference; lastKnownFileType = image.png; path = "radio@2x.png"; sourceTree = "<group>"; };
		A8D22C37165A19A1007F45AF /* radioS.png */ = {isa = PBXFileReference; lastKnownFileType = image.png; path = radioS.png; sourceTree = "<group>"; };
		A8D22C38165A19A1007F45AF /* radioS@2x.png */ = {isa = PBXFileReference; lastKnownFileType = image.png; path = "radioS@2x.png"; sourceTree = "<group>"; };
		A8D22C39165A19A1007F45AF /* rArrow.png */ = {isa = PBXFileReference; lastKnownFileType = image.png; path = rArrow.png; sourceTree = "<group>"; };
		A8D22C3A165A19A1007F45AF /* rArrow@2x.png */ = {isa = PBXFileReference; lastKnownFileType = image.png; path = "rArrow@2x.png"; sourceTree = "<group>"; };
		A8D22C41165A25A0007F45AF /* renewBtn.png */ = {isa = PBXFileReference; lastKnownFileType = image.png; path = renewBtn.png; sourceTree = "<group>"; };
		A8D22C42165A25A0007F45AF /* renewBtn@2x.png */ = {isa = PBXFileReference; lastKnownFileType = image.png; path = "renewBtn@2x.png"; sourceTree = "<group>"; };
		B0863120164B848C00451893 /* iSYSU_Library.app */ = {isa = PBXFileReference; explicitFileType = wrapper.application; includeInIndex = 0; path = iSYSU_Library.app; sourceTree = BUILT_PRODUCTS_DIR; };
		B0863124164B848C00451893 /* UIKit.framework */ = {isa = PBXFileReference; lastKnownFileType = wrapper.framework; name = UIKit.framework; path = System/Library/Frameworks/UIKit.framework; sourceTree = SDKROOT; };
		B0863126164B848C00451893 /* Foundation.framework */ = {isa = PBXFileReference; lastKnownFileType = wrapper.framework; name = Foundation.framework; path = System/Library/Frameworks/Foundation.framework; sourceTree = SDKROOT; };
		B0863128164B848C00451893 /* CoreGraphics.framework */ = {isa = PBXFileReference; lastKnownFileType = wrapper.framework; name = CoreGraphics.framework; path = System/Library/Frameworks/CoreGraphics.framework; sourceTree = SDKROOT; };
		B086312C164B848C00451893 /* iSYSU_Library-Info.plist */ = {isa = PBXFileReference; lastKnownFileType = text.plist.xml; path = "iSYSU_Library-Info.plist"; sourceTree = "<group>"; };
		B086312E164B848C00451893 /* en */ = {isa = PBXFileReference; lastKnownFileType = text.plist.strings; name = en; path = en.lproj/InfoPlist.strings; sourceTree = "<group>"; };
		B0863130164B848C00451893 /* main.m */ = {isa = PBXFileReference; lastKnownFileType = sourcecode.c.objc; path = main.m; sourceTree = "<group>"; };
		B0863132164B848C00451893 /* iSYSU_Library-Prefix.pch */ = {isa = PBXFileReference; lastKnownFileType = sourcecode.c.h; path = "iSYSU_Library-Prefix.pch"; sourceTree = "<group>"; };
		B0863133164B848C00451893 /* LIBAppDelegate.h */ = {isa = PBXFileReference; lastKnownFileType = sourcecode.c.h; path = LIBAppDelegate.h; sourceTree = "<group>"; };
		B0863134164B848C00451893 /* LIBAppDelegate.m */ = {isa = PBXFileReference; lastKnownFileType = sourcecode.c.objc; path = LIBAppDelegate.m; sourceTree = "<group>"; };
		B0863137164B848C00451893 /* en */ = {isa = PBXFileReference; lastKnownFileType = file.storyboard; name = en; path = en.lproj/MainStoryboard.storyboard; sourceTree = "<group>"; };
		B0863139164B848C00451893 /* LIBSearchViewController.h */ = {isa = PBXFileReference; lastKnownFileType = sourcecode.c.h; path = LIBSearchViewController.h; sourceTree = "<group>"; };
		B086313A164B848C00451893 /* LIBSearchViewController.m */ = {isa = PBXFileReference; lastKnownFileType = sourcecode.c.objc; path = LIBSearchViewController.m; sourceTree = "<group>"; };
		B0863141164B85E600451893 /* LIBDataManager.h */ = {isa = PBXFileReference; fileEncoding = 4; lastKnownFileType = sourcecode.c.h; path = LIBDataManager.h; sourceTree = "<group>"; };
		B0863142164B85E600451893 /* LIBDataManager.m */ = {isa = PBXFileReference; fileEncoding = 4; lastKnownFileType = sourcecode.c.objc; path = LIBDataManager.m; sourceTree = "<group>"; };
		B0863148164B9BD200451893 /* LIBLogInViewController.h */ = {isa = PBXFileReference; fileEncoding = 4; lastKnownFileType = sourcecode.c.h; path = LIBLogInViewController.h; sourceTree = "<group>"; };
		B0863149164B9BD200451893 /* LIBLogInViewController.m */ = {isa = PBXFileReference; fileEncoding = 4; lastKnownFileType = sourcecode.c.objc; path = LIBLogInViewController.m; sourceTree = "<group>"; };
		B086314D164BA58B00451893 /* LIBClient.h */ = {isa = PBXFileReference; fileEncoding = 4; lastKnownFileType = sourcecode.c.h; path = LIBClient.h; sourceTree = "<group>"; };
		B086314E164BA58B00451893 /* LIBClient.m */ = {isa = PBXFileReference; fileEncoding = 4; lastKnownFileType = sourcecode.c.objc; path = LIBClient.m; sourceTree = "<group>"; };
		B0863150164BC2D300451893 /* LIBSearchResultViewController.h */ = {isa = PBXFileReference; fileEncoding = 4; lastKnownFileType = sourcecode.c.h; path = LIBSearchResultViewController.h; sourceTree = "<group>"; };
		B0863151164BC2D300451893 /* LIBSearchResultViewController.m */ = {isa = PBXFileReference; fileEncoding = 4; lastKnownFileType = sourcecode.c.objc; path = LIBSearchResultViewController.m; sourceTree = "<group>"; };
		B0E82F43164DFB86005E31AD /* zh-Hans */ = {isa = PBXFileReference; lastKnownFileType = file.storyboard; name = "zh-Hans"; path = "zh-Hans.lproj/MainStoryboard.storyboard"; sourceTree = "<group>"; };
		B0E82F4A164DFF21005E31AD /* LIBConfigureViewController.h */ = {isa = PBXFileReference; fileEncoding = 4; lastKnownFileType = sourcecode.c.h; path = LIBConfigureViewController.h; sourceTree = "<group>"; };
		B0E82F4B164DFF21005E31AD /* LIBConfigureViewController.m */ = {isa = PBXFileReference; fileEncoding = 4; lastKnownFileType = sourcecode.c.objc; path = LIBConfigureViewController.m; sourceTree = "<group>"; };
		B0E82F50164DFF64005E31AD /* LIBPhoneViewController.h */ = {isa = PBXFileReference; fileEncoding = 4; lastKnownFileType = sourcecode.c.h; path = LIBPhoneViewController.h; sourceTree = "<group>"; };
		B0E82F51164DFF64005E31AD /* LIBPhoneViewController.m */ = {isa = PBXFileReference; fileEncoding = 4; lastKnownFileType = sourcecode.c.objc; path = LIBPhoneViewController.m; sourceTree = "<group>"; };
		B0E82F53164E006F005E31AD /* LIBRemindViewController.h */ = {isa = PBXFileReference; fileEncoding = 4; lastKnownFileType = sourcecode.c.h; path = LIBRemindViewController.h; sourceTree = "<group>"; };
		B0E82F54164E006F005E31AD /* LIBRemindViewController.m */ = {isa = PBXFileReference; fileEncoding = 4; lastKnownFileType = sourcecode.c.objc; path = LIBRemindViewController.m; sourceTree = "<group>"; };
/* End PBXFileReference section */

/* Begin PBXFrameworksBuildPhase section */
		B086311D164B848C00451893 /* Frameworks */ = {
			isa = PBXFrameworksBuildPhase;
			buildActionMask = 2147483647;
			files = (
				A884FC89164F5A6E0035E296 /* MobileCoreServices.framework in Frameworks */,
				A884FC87164F5A640035E296 /* libz.1.2.5.dylib in Frameworks */,
				A884FC85164F5A5A0035E296 /* SystemConfiguration.framework in Frameworks */,
				A884FC83164F5A520035E296 /* libc.dylib in Frameworks */,
				A884FC81164F5A490035E296 /* CFNetwork.framework in Frameworks */,
				A884FC7F164F5A420035E296 /* libxml2.dylib in Frameworks */,
				B0863125164B848C00451893 /* UIKit.framework in Frameworks */,
				B0863127164B848C00451893 /* Foundation.framework in Frameworks */,
				B0863129164B848C00451893 /* CoreGraphics.framework in Frameworks */,
			);
			runOnlyForDeploymentPostprocessing = 0;
		};
/* End PBXFrameworksBuildPhase section */

/* Begin PBXGroup section */
		A8224D5D16588EE300459149 /* Resources */ = {
			isa = PBXGroup;
			children = (
				A8224D5E16588EE300459149 /* mylibrary */,
				A8224D6716588EE300459149 /* search */,
				A8224D6E16588EE300459149 /* uiElement */,
			);
			path = Resources;
			sourceTree = "<group>";
		};
		A8224D5E16588EE300459149 /* mylibrary */ = {
			isa = PBXGroup;
			children = (
				A8224D5F16588EE300459149 /* login.jpg */,
				A8224D6016588EE300459149 /* myLib.jpg */,
				A8224D6116588EE300459149 /* setting1-1.jpg */,
				A8224D6216588EE300459149 /* setting1-2.jpg */,
				A8224D6316588EE300459149 /* setting1-3.jpg */,
				A8224D6416588EE300459149 /* setting1.jpg */,
				A8224D6516588EE300459149 /* setting2.jpg */,
				A8224D6616588EE300459149 /* Thumbs.db */,
			);
			path = mylibrary;
			sourceTree = "<group>";
		};
		A8224D6716588EE300459149 /* search */ = {
			isa = PBXGroup;
			children = (
				A8224D6816588EE300459149 /* BookInfo.jpg */,
				A8224D6916588EE300459149 /* BookInfo2.jpg */,
				A8224D6A16588EE300459149 /* result_s.jpg */,
				A8224D6B16588EE300459149 /* search.jpg */,
				A8224D6C16588EE300459149 /* Thumbs.db */,
				A8224D6D16588EE300459149 /* 馆藏信息.jpg */,
			);
			path = search;
			sourceTree = "<group>";
		};
		A8224D6E16588EE300459149 /* uiElement */ = {
			isa = PBXGroup;
			children = (
				A8224D6F16588EE300459149 /* backBtn.png */,
				A8224D7016588EE300459149 /* background.png */,
				A8224D7116588EE300459149 /* BookInfo */,
				A8224D7716588EE300459149 /* homeBtn_Off.png */,
				A8224D7816588EE300459149 /* homeBtn_On.png */,
				A8224D7916588EE300459149 /* Library1.png */,
				A8224D7A16588EE300459149 /* logOutBtn.png */,
				A8224D7B16588EE300459149 /* nav.png */,
				A8224D7C16588EE300459149 /* saveBtn.png */,
				A8224D7D16588EE300459149 /* searchBtn_Off.png */,
				A8224D7E16588EE300459149 /* searchBtn_On.png */,
				A8224D7F16588EE300459149 /* switchKnob.png */,
				A8224D8016588EE300459149 /* switchOff.png */,
				A8224D8116588EE300459149 /* switchOn.png */,
				A8224D8216588EE300459149 /* tabBar.png */,
				A8224D8316588EE300459149 /* Thumbs.db */,
			);
			path = uiElement;
			sourceTree = "<group>";
		};
		A8224D7116588EE300459149 /* BookInfo */ = {
			isa = PBXGroup;
			children = (
				A8224D7216588EE300459149 /* BookInfo_11.gif */,
				A8224D7316588EE300459149 /* halfStar.png */,
				A8224D7416588EE300459149 /* moreDetail.png */,
				A8224D7516588EE300459149 /* Star.png */,
				A8224D7616588EE300459149 /* Thumbs.db */,
			);
			path = BookInfo;
			sourceTree = "<group>";
		};
		A8224DB116588FC800459149 /* LIBClient */ = {
			isa = PBXGroup;
			children = (
				A8224DB216588FC800459149 /* Book.h */,
				A8224DB316588FC800459149 /* Book.m */,
				A8224DB416588FC800459149 /* BorrowBooks.h */,
				A8224DB516588FC800459149 /* BorrowBooks.m */,
				A8224DB616588FC800459149 /* TFHpple.h */,
				A8224DB716588FC800459149 /* TFHpple.m */,
				A8224DB816588FC800459149 /* TFHppleElement.h */,
				A8224DB916588FC800459149 /* TFHppleElement.m */,
				A8224DBA16588FC800459149 /* User.h */,
				A8224DBB16588FC800459149 /* User.m */,
				A8224DBC16588FC800459149 /* XPathQuery.h */,
				A8224DBD16588FC800459149 /* XPathQuery.m */,
			);
			name = LIBClient;
			path = iSYSU_Library/LIBClient;
			sourceTree = "<group>";
		};
		A8224DC416588FDE00459149 /* ASIHttpRequest */ = {
			isa = PBXGroup;
			children = (
				A8224DC516588FDE00459149 /* ASIAuthenticationDialog.h */,
				A8224DC616588FDE00459149 /* ASIAuthenticationDialog.m */,
				A8224DC716588FDE00459149 /* ASICacheDelegate.h */,
				A8224DC816588FDE00459149 /* ASIDataCompressor.h */,
				A8224DC916588FDE00459149 /* ASIDataCompressor.m */,
				A8224DCA16588FDE00459149 /* ASIDataDecompressor.h */,
				A8224DCB16588FDE00459149 /* ASIDataDecompressor.m */,
				A8224DCC16588FDE00459149 /* ASIDownloadCache.h */,
				A8224DCD16588FDE00459149 /* ASIDownloadCache.m */,
				A8224DCE16588FDE00459149 /* ASIFormDataRequest.h */,
				A8224DCF16588FDE00459149 /* ASIFormDataRequest.m */,
				A8224DD016588FDE00459149 /* ASIHTTPRequest.h */,
				A8224DD116588FDE00459149 /* ASIHTTPRequest.m */,
				A8224DD216588FDE00459149 /* ASIHTTPRequestConfig.h */,
				A8224DD316588FDE00459149 /* ASIHTTPRequestDelegate.h */,
				A8224DD416588FDE00459149 /* ASIInputStream.h */,
				A8224DD516588FDE00459149 /* ASIInputStream.m */,
				A8224DD616588FDE00459149 /* ASINetworkQueue.h */,
				A8224DD716588FDE00459149 /* ASINetworkQueue.m */,
				A8224DD816588FDE00459149 /* ASIProgressDelegate.h */,
				A8224DD916588FDE00459149 /* ECPurchase */,
				A8224DDA16588FDE00459149 /* Reachability.h */,
				A8224DDB16588FDE00459149 /* Reachability.m */,
			);
			name = ASIHttpRequest;
			path = iSYSU_Library/ASIHttpRequest;
			sourceTree = "<group>";
		};
		A8224DD916588FDE00459149 /* ECPurchase */ = {
			isa = PBXGroup;
			children = (
<<<<<<< HEAD
=======
				A8D22C41165A25A0007F45AF /* renewBtn.png */,
				A8D22C42165A25A0007F45AF /* renewBtn@2x.png */,
				A8D22C35165A19A1007F45AF /* radio.png */,
				A8D22C36165A19A1007F45AF /* radio@2x.png */,
				A8D22C37165A19A1007F45AF /* radioS.png */,
				A8D22C38165A19A1007F45AF /* radioS@2x.png */,
				A8D22C39165A19A1007F45AF /* rArrow.png */,
				A8D22C3A165A19A1007F45AF /* rArrow@2x.png */,
				A88D426A165766C100D507D1 /* backBtn.png */,
				A88D426B165766C100D507D1 /* background.png */,
				A88D426C165766C100D507D1 /* BookInfo */,
				A88D4272165766C100D507D1 /* homeBtn_Off.png */,
				A88D4273165766C100D507D1 /* homeBtn_On.png */,
				A88D4274165766C100D507D1 /* Library1.png */,
				A88D4275165766C100D507D1 /* logOutBtn.png */,
				A88D4276165766C100D507D1 /* nav.png */,
				A88D4277165766C100D507D1 /* saveBtn.png */,
				A88D4278165766C100D507D1 /* searchBtn_Off.png */,
				A88D4279165766C100D507D1 /* searchBtn_On.png */,
				A88D427A165766C100D507D1 /* switchKnob.png */,
				A88D427B165766C100D507D1 /* switchOff.png */,
				A88D427C165766C100D507D1 /* switchOn.png */,
				A88D427D165766C100D507D1 /* tabBar.png */,
				A88D427E165766C100D507D1 /* Thumbs.db */,
>>>>>>> master
			);
			path = ECPurchase;
			sourceTree = "<group>";
		};
		A884FC48164F57850035E296 /* LIBClient */ = {
			isa = PBXGroup;
			children = (
				A8224DC416588FDE00459149 /* ASIHttpRequest */,
				A8224DB116588FC800459149 /* LIBClient */,
			);
			name = LIBClient;
			sourceTree = "<group>";
		};
		B0863115164B848C00451893 = {
			isa = PBXGroup;
			children = (
				A8224D5D16588EE300459149 /* Resources */,
				A884FC48164F57850035E296 /* LIBClient */,
				B086312A164B848C00451893 /* iSYSU_Library */,
				B0863123164B848C00451893 /* Frameworks */,
				B0863121164B848C00451893 /* Products */,
			);
			sourceTree = "<group>";
		};
		B0863121164B848C00451893 /* Products */ = {
			isa = PBXGroup;
			children = (
				B0863120164B848C00451893 /* iSYSU_Library.app */,
			);
			name = Products;
			sourceTree = "<group>";
		};
		B0863123164B848C00451893 /* Frameworks */ = {
			isa = PBXGroup;
			children = (
				A884FC84164F5A5A0035E296 /* SystemConfiguration.framework */,
				A884FC82164F5A520035E296 /* libc.dylib */,
				A884FC80164F5A490035E296 /* CFNetwork.framework */,
				A884FC7E164F5A420035E296 /* libxml2.dylib */,
				A884FC86164F5A640035E296 /* libz.1.2.5.dylib */,
				A884FC88164F5A6E0035E296 /* MobileCoreServices.framework */,
				B0863124164B848C00451893 /* UIKit.framework */,
				B0863126164B848C00451893 /* Foundation.framework */,
				B0863128164B848C00451893 /* CoreGraphics.framework */,
			);
			name = Frameworks;
			sourceTree = "<group>";
		};
		B086312A164B848C00451893 /* iSYSU_Library */ = {
			isa = PBXGroup;
			children = (
				A8224DAA16588FA600459149 /* LIBEmailViewController.h */,
				A8224DAB16588FA600459149 /* LIBEmailViewController.m */,
				A8224DAC16588FA600459149 /* LIBMyinfoViewController.h */,
				A8224DAD16588FA600459149 /* LIBMyinfoViewController.m */,
				B0863133164B848C00451893 /* LIBAppDelegate.h */,
				B0863134164B848C00451893 /* LIBAppDelegate.m */,
				B0863136164B848C00451893 /* MainStoryboard.storyboard */,
				B0863139164B848C00451893 /* LIBSearchViewController.h */,
				B086313A164B848C00451893 /* LIBSearchViewController.m */,
				B086314D164BA58B00451893 /* LIBClient.h */,
				B086314E164BA58B00451893 /* LIBClient.m */,
				B0863142164B85E600451893 /* LIBDataManager.m */,
				B0863141164B85E600451893 /* LIBDataManager.h */,
				B0863148164B9BD200451893 /* LIBLogInViewController.h */,
				B0863149164B9BD200451893 /* LIBLogInViewController.m */,
				B0863150164BC2D300451893 /* LIBSearchResultViewController.h */,
				B0863151164BC2D300451893 /* LIBSearchResultViewController.m */,
				B086312B164B848C00451893 /* Supporting Files */,
				B0E82F4A164DFF21005E31AD /* LIBConfigureViewController.h */,
				B0E82F4B164DFF21005E31AD /* LIBConfigureViewController.m */,
				B0E82F50164DFF64005E31AD /* LIBPhoneViewController.h */,
				B0E82F51164DFF64005E31AD /* LIBPhoneViewController.m */,
				B0E82F53164E006F005E31AD /* LIBRemindViewController.h */,
				B0E82F54164E006F005E31AD /* LIBRemindViewController.m */,
				A8C168161650F8B20037C497 /* LIBBookViewController.h */,
				A8C168171650F8B20037C497 /* LIBBookViewController.m */,
				A8224D1116588C6300459149 /* LIBSetPSWViewController.h */,
				A8224D1216588C6300459149 /* LIBSetPSWViewController.m */,
			);
			path = iSYSU_Library;
			sourceTree = "<group>";
		};
		B086312B164B848C00451893 /* Supporting Files */ = {
			isa = PBXGroup;
			children = (
				B086312C164B848C00451893 /* iSYSU_Library-Info.plist */,
				B086312D164B848C00451893 /* InfoPlist.strings */,
				B0863130164B848C00451893 /* main.m */,
				B0863132164B848C00451893 /* iSYSU_Library-Prefix.pch */,
			);
			name = "Supporting Files";
			sourceTree = "<group>";
		};
/* End PBXGroup section */

/* Begin PBXNativeTarget section */
		B086311F164B848C00451893 /* iSYSU_Library */ = {
			isa = PBXNativeTarget;
			buildConfigurationList = B086313E164B848C00451893 /* Build configuration list for PBXNativeTarget "iSYSU_Library" */;
			buildPhases = (
				B086311C164B848C00451893 /* Sources */,
				B086311D164B848C00451893 /* Frameworks */,
				B086311E164B848C00451893 /* Resources */,
			);
			buildRules = (
			);
			dependencies = (
			);
			name = iSYSU_Library;
			productName = iSYSU_Library;
			productReference = B0863120164B848C00451893 /* iSYSU_Library.app */;
			productType = "com.apple.product-type.application";
		};
/* End PBXNativeTarget section */

/* Begin PBXProject section */
		B0863117164B848C00451893 /* Project object */ = {
			isa = PBXProject;
			attributes = {
				LastUpgradeCheck = 0420;
				ORGANIZATIONNAME = "Sun Yat-sen University";
			};
			buildConfigurationList = B086311A164B848C00451893 /* Build configuration list for PBXProject "iSYSU_Library" */;
			compatibilityVersion = "Xcode 3.2";
			developmentRegion = English;
			hasScannedForEncodings = 0;
			knownRegions = (
				en,
				"zh-Hans",
			);
			mainGroup = B0863115164B848C00451893;
			productRefGroup = B0863121164B848C00451893 /* Products */;
			projectDirPath = "";
			projectRoot = "";
			targets = (
				B086311F164B848C00451893 /* iSYSU_Library */,
			);
		};
/* End PBXProject section */

/* Begin PBXResourcesBuildPhase section */
		B086311E164B848C00451893 /* Resources */ = {
			isa = PBXResourcesBuildPhase;
			buildActionMask = 2147483647;
			files = (
				B086312F164B848C00451893 /* InfoPlist.strings in Resources */,
				B0863138164B848C00451893 /* MainStoryboard.storyboard in Resources */,
<<<<<<< HEAD
				A8224D8416588EE300459149 /* login.jpg in Resources */,
				A8224D8516588EE300459149 /* myLib.jpg in Resources */,
				A8224D8616588EE300459149 /* setting1-1.jpg in Resources */,
				A8224D8716588EE300459149 /* setting1-2.jpg in Resources */,
				A8224D8816588EE300459149 /* setting1-3.jpg in Resources */,
				A8224D8916588EE300459149 /* setting1.jpg in Resources */,
				A8224D8A16588EE300459149 /* setting2.jpg in Resources */,
				A8224D8B16588EE300459149 /* Thumbs.db in Resources */,
				A8224D8C16588EE300459149 /* BookInfo.jpg in Resources */,
				A8224D8D16588EE300459149 /* BookInfo2.jpg in Resources */,
				A8224D8E16588EE300459149 /* result_s.jpg in Resources */,
				A8224D8F16588EE300459149 /* search.jpg in Resources */,
				A8224D9016588EE300459149 /* Thumbs.db in Resources */,
				A8224D9116588EE300459149 /* 馆藏信息.jpg in Resources */,
				A8224D9216588EE300459149 /* backBtn.png in Resources */,
				A8224D9316588EE300459149 /* background.png in Resources */,
				A8224D9416588EE300459149 /* BookInfo_11.gif in Resources */,
				A8224D9516588EE300459149 /* halfStar.png in Resources */,
				A8224D9616588EE300459149 /* moreDetail.png in Resources */,
				A8224D9716588EE300459149 /* Star.png in Resources */,
				A8224D9816588EE300459149 /* Thumbs.db in Resources */,
				A8224D9916588EE300459149 /* homeBtn_Off.png in Resources */,
				A8224D9A16588EE300459149 /* homeBtn_On.png in Resources */,
				A8224D9B16588EE300459149 /* Library1.png in Resources */,
				A8224D9C16588EE300459149 /* logOutBtn.png in Resources */,
				A8224D9D16588EE300459149 /* nav.png in Resources */,
				A8224D9E16588EE300459149 /* saveBtn.png in Resources */,
				A8224D9F16588EE300459149 /* searchBtn_Off.png in Resources */,
				A8224DA016588EE300459149 /* searchBtn_On.png in Resources */,
				A8224DA116588EE300459149 /* switchKnob.png in Resources */,
				A8224DA216588EE300459149 /* switchOff.png in Resources */,
				A8224DA316588EE300459149 /* switchOn.png in Resources */,
				A8224DA416588EE300459149 /* tabBar.png in Resources */,
				A8224DA516588EE300459149 /* Thumbs.db in Resources */,
=======
				A88D427F165766C100D507D1 /* login.jpg in Resources */,
				A88D4280165766C100D507D1 /* myLib.jpg in Resources */,
				A88D4281165766C100D507D1 /* setting1-1.jpg in Resources */,
				A88D4282165766C100D507D1 /* setting1-2.jpg in Resources */,
				A88D4283165766C100D507D1 /* setting1-3.jpg in Resources */,
				A88D4284165766C100D507D1 /* setting1.jpg in Resources */,
				A88D4285165766C100D507D1 /* setting2.jpg in Resources */,
				A88D4286165766C100D507D1 /* Thumbs.db in Resources */,
				A88D4287165766C100D507D1 /* BookInfo.jpg in Resources */,
				A88D4288165766C100D507D1 /* BookInfo2.jpg in Resources */,
				A88D4289165766C100D507D1 /* result_s.jpg in Resources */,
				A88D428A165766C100D507D1 /* search.jpg in Resources */,
				A88D428B165766C100D507D1 /* Thumbs.db in Resources */,
				A88D428C165766C100D507D1 /* 馆藏信息.jpg in Resources */,
				A88D428D165766C100D507D1 /* backBtn.png in Resources */,
				A88D428E165766C100D507D1 /* background.png in Resources */,
				A88D428F165766C100D507D1 /* BookInfo_11.gif in Resources */,
				A88D4290165766C100D507D1 /* halfStar.png in Resources */,
				A88D4291165766C100D507D1 /* moreDetail.png in Resources */,
				A88D4292165766C100D507D1 /* Star.png in Resources */,
				A88D4293165766C100D507D1 /* Thumbs.db in Resources */,
				A88D4294165766C100D507D1 /* homeBtn_Off.png in Resources */,
				A88D4295165766C100D507D1 /* homeBtn_On.png in Resources */,
				A88D4296165766C100D507D1 /* Library1.png in Resources */,
				A88D4297165766C100D507D1 /* logOutBtn.png in Resources */,
				A88D4298165766C100D507D1 /* nav.png in Resources */,
				A88D4299165766C100D507D1 /* saveBtn.png in Resources */,
				A88D429A165766C100D507D1 /* searchBtn_Off.png in Resources */,
				A88D429B165766C100D507D1 /* searchBtn_On.png in Resources */,
				A88D429C165766C100D507D1 /* switchKnob.png in Resources */,
				A88D429D165766C100D507D1 /* switchOff.png in Resources */,
				A88D429E165766C100D507D1 /* switchOn.png in Resources */,
				A88D429F165766C100D507D1 /* tabBar.png in Resources */,
				A88D42A0165766C100D507D1 /* Thumbs.db in Resources */,
				A8D22C3B165A19A1007F45AF /* radio.png in Resources */,
				A8D22C3C165A19A1007F45AF /* radio@2x.png in Resources */,
				A8D22C3D165A19A1007F45AF /* radioS.png in Resources */,
				A8D22C3E165A19A1007F45AF /* radioS@2x.png in Resources */,
				A8D22C3F165A19A1007F45AF /* rArrow.png in Resources */,
				A8D22C40165A19A1007F45AF /* rArrow@2x.png in Resources */,
				A8D22C43165A25A0007F45AF /* renewBtn.png in Resources */,
				A8D22C44165A25A0007F45AF /* renewBtn@2x.png in Resources */,
>>>>>>> master
			);
			runOnlyForDeploymentPostprocessing = 0;
		};
/* End PBXResourcesBuildPhase section */

/* Begin PBXSourcesBuildPhase section */
		B086311C164B848C00451893 /* Sources */ = {
			isa = PBXSourcesBuildPhase;
			buildActionMask = 2147483647;
			files = (
				B0863131164B848C00451893 /* main.m in Sources */,
				B0863135164B848C00451893 /* LIBAppDelegate.m in Sources */,
				B086313B164B848C00451893 /* LIBSearchViewController.m in Sources */,
				B0863143164B85E600451893 /* LIBDataManager.m in Sources */,
				B086314B164B9BD200451893 /* LIBLogInViewController.m in Sources */,
				B086314F164BA58B00451893 /* LIBClient.m in Sources */,
				B0863153164BC2D400451893 /* LIBSearchResultViewController.m in Sources */,
				B0E82F4C164DFF21005E31AD /* LIBConfigureViewController.m in Sources */,
				B0E82F52164DFF64005E31AD /* LIBPhoneViewController.m in Sources */,
				B0E82F55164E006F005E31AD /* LIBRemindViewController.m in Sources */,
				A8C168191650F8B30037C497 /* LIBBookViewController.m in Sources */,
				A8224D1316588C6300459149 /* LIBSetPSWViewController.m in Sources */,
				A8224DAE16588FA600459149 /* LIBEmailViewController.m in Sources */,
				A8224DAF16588FA600459149 /* LIBMyinfoViewController.m in Sources */,
				A8224DBE16588FC800459149 /* Book.m in Sources */,
				A8224DBF16588FC800459149 /* BorrowBooks.m in Sources */,
				A8224DC016588FC800459149 /* TFHpple.m in Sources */,
				A8224DC116588FC800459149 /* TFHppleElement.m in Sources */,
				A8224DC216588FC800459149 /* User.m in Sources */,
				A8224DC316588FC800459149 /* XPathQuery.m in Sources */,
				A8224DDC16588FDE00459149 /* ASIAuthenticationDialog.m in Sources */,
				A8224DDD16588FDE00459149 /* ASIDataCompressor.m in Sources */,
				A8224DDE16588FDE00459149 /* ASIDataDecompressor.m in Sources */,
				A8224DDF16588FDE00459149 /* ASIDownloadCache.m in Sources */,
				A8224DE016588FDE00459149 /* ASIFormDataRequest.m in Sources */,
				A8224DE116588FDE00459149 /* ASIHTTPRequest.m in Sources */,
				A8224DE216588FDE00459149 /* ASIInputStream.m in Sources */,
				A8224DE316588FDE00459149 /* ASINetworkQueue.m in Sources */,
				A8224DE416588FDE00459149 /* Reachability.m in Sources */,
			);
			runOnlyForDeploymentPostprocessing = 0;
		};
/* End PBXSourcesBuildPhase section */

/* Begin PBXVariantGroup section */
		B086312D164B848C00451893 /* InfoPlist.strings */ = {
			isa = PBXVariantGroup;
			children = (
				B086312E164B848C00451893 /* en */,
			);
			name = InfoPlist.strings;
			sourceTree = "<group>";
		};
		B0863136164B848C00451893 /* MainStoryboard.storyboard */ = {
			isa = PBXVariantGroup;
			children = (
				B0863137164B848C00451893 /* en */,
				B0E82F43164DFB86005E31AD /* zh-Hans */,
			);
			name = MainStoryboard.storyboard;
			sourceTree = "<group>";
		};
/* End PBXVariantGroup section */

/* Begin XCBuildConfiguration section */
		B086313C164B848C00451893 /* Debug */ = {
			isa = XCBuildConfiguration;
			buildSettings = {
				ALWAYS_SEARCH_USER_PATHS = NO;
				ARCHS = "$(ARCHS_STANDARD_32_BIT)";
				"CODE_SIGN_IDENTITY[sdk=iphoneos*]" = "iPhone Developer";
				COPY_PHASE_STRIP = NO;
				GCC_C_LANGUAGE_STANDARD = gnu99;
				GCC_DYNAMIC_NO_PIC = NO;
				GCC_OPTIMIZATION_LEVEL = 0;
				GCC_PREPROCESSOR_DEFINITIONS = (
					"DEBUG=1",
					"$(inherited)",
				);
				GCC_SYMBOLS_PRIVATE_EXTERN = NO;
				GCC_VERSION = com.apple.compilers.llvm.clang.1_0;
				GCC_WARN_ABOUT_MISSING_PROTOTYPES = YES;
				GCC_WARN_ABOUT_RETURN_TYPE = YES;
				GCC_WARN_UNUSED_VARIABLE = YES;
				IPHONEOS_DEPLOYMENT_TARGET = 5.0;
				SDKROOT = iphoneos;
			};
			name = Debug;
		};
		B086313D164B848C00451893 /* Release */ = {
			isa = XCBuildConfiguration;
			buildSettings = {
				ALWAYS_SEARCH_USER_PATHS = NO;
				ARCHS = "$(ARCHS_STANDARD_32_BIT)";
				"CODE_SIGN_IDENTITY[sdk=iphoneos*]" = "iPhone Developer";
				COPY_PHASE_STRIP = YES;
				GCC_C_LANGUAGE_STANDARD = gnu99;
				GCC_VERSION = com.apple.compilers.llvm.clang.1_0;
				GCC_WARN_ABOUT_MISSING_PROTOTYPES = YES;
				GCC_WARN_ABOUT_RETURN_TYPE = YES;
				GCC_WARN_UNUSED_VARIABLE = YES;
				IPHONEOS_DEPLOYMENT_TARGET = 5.0;
				OTHER_CFLAGS = "-DNS_BLOCK_ASSERTIONS=1";
				SDKROOT = iphoneos;
				VALIDATE_PRODUCT = YES;
			};
			name = Release;
		};
		B086313F164B848C00451893 /* Debug */ = {
			isa = XCBuildConfiguration;
			buildSettings = {
				CLANG_ENABLE_OBJC_ARC = YES;
				GCC_PRECOMPILE_PREFIX_HEADER = YES;
				GCC_PREFIX_HEADER = "iSYSU_Library/iSYSU_Library-Prefix.pch";
				HEADER_SEARCH_PATHS = "${SDKROOT}/usr/include/libxml2/**";
				INFOPLIST_FILE = "iSYSU_Library/iSYSU_Library-Info.plist";
				OTHER_LDFLAGS = "-lxml2";
				PRODUCT_NAME = "$(TARGET_NAME)";
				WRAPPER_EXTENSION = app;
			};
			name = Debug;
		};
		B0863140164B848C00451893 /* Release */ = {
			isa = XCBuildConfiguration;
			buildSettings = {
				CLANG_ENABLE_OBJC_ARC = YES;
				GCC_PRECOMPILE_PREFIX_HEADER = YES;
				GCC_PREFIX_HEADER = "iSYSU_Library/iSYSU_Library-Prefix.pch";
				HEADER_SEARCH_PATHS = "${SDKROOT}/usr/include/libxml2/**";
				INFOPLIST_FILE = "iSYSU_Library/iSYSU_Library-Info.plist";
				OTHER_LDFLAGS = "-lxml2";
				PRODUCT_NAME = "$(TARGET_NAME)";
				WRAPPER_EXTENSION = app;
			};
			name = Release;
		};
/* End XCBuildConfiguration section */

/* Begin XCConfigurationList section */
		B086311A164B848C00451893 /* Build configuration list for PBXProject "iSYSU_Library" */ = {
			isa = XCConfigurationList;
			buildConfigurations = (
				B086313C164B848C00451893 /* Debug */,
				B086313D164B848C00451893 /* Release */,
			);
			defaultConfigurationIsVisible = 0;
			defaultConfigurationName = Release;
		};
		B086313E164B848C00451893 /* Build configuration list for PBXNativeTarget "iSYSU_Library" */ = {
			isa = XCConfigurationList;
			buildConfigurations = (
				B086313F164B848C00451893 /* Debug */,
				B0863140164B848C00451893 /* Release */,
			);
			defaultConfigurationIsVisible = 0;
			defaultConfigurationName = Release;
		};
/* End XCConfigurationList section */
	};
	rootObject = B0863117164B848C00451893 /* Project object */;
}
